// !$*UTF8*$!
{
	archiveVersion = 1;
	classes = {
	};
	objectVersion = 46;
	objects = {

/* Begin PBXBuildFile section */
		16589C162313EB2100E4E1D6 /* YMTLoginViewController.m in Sources */ = {isa = PBXBuildFile; fileRef = 16589C122313EB2100E4E1D6 /* YMTLoginViewController.m */; };
		16589C172313EB2100E4E1D6 /* YMTEntryRoomViewController.m in Sources */ = {isa = PBXBuildFile; fileRef = 16589C142313EB2100E4E1D6 /* YMTEntryRoomViewController.m */; };
		16C2E9972329F064000F9240 /* NSData+YMTDataAES.m in Sources */ = {isa = PBXBuildFile; fileRef = 16C2E9962329F064000F9240 /* NSData+YMTDataAES.m */; };
		207AEB56036610DCDE61727A /* libPods-YMTBigClassRoom_Example.a in Frameworks */ = {isa = PBXBuildFile; fileRef = A07FA3B15D1B0D12CAFC4590 /* libPods-YMTBigClassRoom_Example.a */; };
		4BF0E1149548726CEDC50AE8 /* libPods-YMTBigClassRoom_Tests.a in Frameworks */ = {isa = PBXBuildFile; fileRef = 00E61DEFB64C9AFCDBD699CA /* libPods-YMTBigClassRoom_Tests.a */; };
		6003F58E195388D20070C39A /* Foundation.framework in Frameworks */ = {isa = PBXBuildFile; fileRef = 6003F58D195388D20070C39A /* Foundation.framework */; };
		6003F590195388D20070C39A /* CoreGraphics.framework in Frameworks */ = {isa = PBXBuildFile; fileRef = 6003F58F195388D20070C39A /* CoreGraphics.framework */; };
		6003F592195388D20070C39A /* UIKit.framework in Frameworks */ = {isa = PBXBuildFile; fileRef = 6003F591195388D20070C39A /* UIKit.framework */; };
		6003F598195388D20070C39A /* InfoPlist.strings in Resources */ = {isa = PBXBuildFile; fileRef = 6003F596195388D20070C39A /* InfoPlist.strings */; };
		6003F59A195388D20070C39A /* main.m in Sources */ = {isa = PBXBuildFile; fileRef = 6003F599195388D20070C39A /* main.m */; };
		6003F59E195388D20070C39A /* YMTAppDelegate.m in Sources */ = {isa = PBXBuildFile; fileRef = 6003F59D195388D20070C39A /* YMTAppDelegate.m */; };
		6003F5A7195388D20070C39A /* YMTViewController.m in Sources */ = {isa = PBXBuildFile; fileRef = 6003F5A6195388D20070C39A /* YMTViewController.m */; };
		6003F5A9195388D20070C39A /* Images.xcassets in Resources */ = {isa = PBXBuildFile; fileRef = 6003F5A8195388D20070C39A /* Images.xcassets */; };
		6003F5B0195388D20070C39A /* XCTest.framework in Frameworks */ = {isa = PBXBuildFile; fileRef = 6003F5AF195388D20070C39A /* XCTest.framework */; };
		6003F5B1195388D20070C39A /* Foundation.framework in Frameworks */ = {isa = PBXBuildFile; fileRef = 6003F58D195388D20070C39A /* Foundation.framework */; };
		6003F5B2195388D20070C39A /* UIKit.framework in Frameworks */ = {isa = PBXBuildFile; fileRef = 6003F591195388D20070C39A /* UIKit.framework */; };
		6003F5BA195388D20070C39A /* InfoPlist.strings in Resources */ = {isa = PBXBuildFile; fileRef = 6003F5B8195388D20070C39A /* InfoPlist.strings */; };
		6003F5BC195388D20070C39A /* Tests.m in Sources */ = {isa = PBXBuildFile; fileRef = 6003F5BB195388D20070C39A /* Tests.m */; };
		71719F9F1E33DC2100824A3D /* LaunchScreen.storyboard in Resources */ = {isa = PBXBuildFile; fileRef = 71719F9D1E33DC2100824A3D /* LaunchScreen.storyboard */; };
		873B8AEB1B1F5CCA007FD442 /* Main.storyboard in Resources */ = {isa = PBXBuildFile; fileRef = 873B8AEA1B1F5CCA007FD442 /* Main.storyboard */; };
/* End PBXBuildFile section */

/* Begin PBXContainerItemProxy section */
		6003F5B3195388D20070C39A /* PBXContainerItemProxy */ = {
			isa = PBXContainerItemProxy;
			containerPortal = 6003F582195388D10070C39A /* Project object */;
			proxyType = 1;
			remoteGlobalIDString = 6003F589195388D20070C39A;
			remoteInfo = YMTBigClassRoom;
		};
/* End PBXContainerItemProxy section */

/* Begin PBXFileReference section */
		00E61DEFB64C9AFCDBD699CA /* libPods-YMTBigClassRoom_Tests.a */ = {isa = PBXFileReference; explicitFileType = archive.ar; includeInIndex = 0; path = "libPods-YMTBigClassRoom_Tests.a"; sourceTree = BUILT_PRODUCTS_DIR; };
		16589C122313EB2100E4E1D6 /* YMTLoginViewController.m */ = {isa = PBXFileReference; fileEncoding = 4; lastKnownFileType = sourcecode.c.objc; path = YMTLoginViewController.m; sourceTree = "<group>"; };
		16589C132313EB2100E4E1D6 /* YMTLoginViewController.h */ = {isa = PBXFileReference; fileEncoding = 4; lastKnownFileType = sourcecode.c.h; path = YMTLoginViewController.h; sourceTree = "<group>"; };
		16589C142313EB2100E4E1D6 /* YMTEntryRoomViewController.m */ = {isa = PBXFileReference; fileEncoding = 4; lastKnownFileType = sourcecode.c.objc; path = YMTEntryRoomViewController.m; sourceTree = "<group>"; };
		16589C152313EB2100E4E1D6 /* YMTEntryRoomViewController.h */ = {isa = PBXFileReference; fileEncoding = 4; lastKnownFileType = sourcecode.c.h; path = YMTEntryRoomViewController.h; sourceTree = "<group>"; };
		16C2E9952329F064000F9240 /* NSData+YMTDataAES.h */ = {isa = PBXFileReference; lastKnownFileType = sourcecode.c.h; path = "NSData+YMTDataAES.h"; sourceTree = "<group>"; };
		16C2E9962329F064000F9240 /* NSData+YMTDataAES.m */ = {isa = PBXFileReference; lastKnownFileType = sourcecode.c.objc; path = "NSData+YMTDataAES.m"; sourceTree = "<group>"; };
		2A36FBDB0538E4EBBEB571BE /* Pods-YMTBigClassRoom_Example.release.xcconfig */ = {isa = PBXFileReference; includeInIndex = 1; lastKnownFileType = text.xcconfig; name = "Pods-YMTBigClassRoom_Example.release.xcconfig"; path = "Target Support Files/Pods-YMTBigClassRoom_Example/Pods-YMTBigClassRoom_Example.release.xcconfig"; sourceTree = "<group>"; };
		6003F58A195388D20070C39A /* YMTBigClassRoom_Example.app */ = {isa = PBXFileReference; explicitFileType = wrapper.application; includeInIndex = 0; path = YMTBigClassRoom_Example.app; sourceTree = BUILT_PRODUCTS_DIR; };
		6003F58D195388D20070C39A /* Foundation.framework */ = {isa = PBXFileReference; lastKnownFileType = wrapper.framework; name = Foundation.framework; path = System/Library/Frameworks/Foundation.framework; sourceTree = SDKROOT; };
		6003F58F195388D20070C39A /* CoreGraphics.framework */ = {isa = PBXFileReference; lastKnownFileType = wrapper.framework; name = CoreGraphics.framework; path = System/Library/Frameworks/CoreGraphics.framework; sourceTree = SDKROOT; };
		6003F591195388D20070C39A /* UIKit.framework */ = {isa = PBXFileReference; lastKnownFileType = wrapper.framework; name = UIKit.framework; path = System/Library/Frameworks/UIKit.framework; sourceTree = SDKROOT; };
		6003F595195388D20070C39A /* YMTBigClassRoom-Info.plist */ = {isa = PBXFileReference; lastKnownFileType = text.plist.xml; path = "YMTBigClassRoom-Info.plist"; sourceTree = "<group>"; };
		6003F597195388D20070C39A /* en */ = {isa = PBXFileReference; lastKnownFileType = text.plist.strings; name = en; path = en.lproj/InfoPlist.strings; sourceTree = "<group>"; };
		6003F599195388D20070C39A /* main.m */ = {isa = PBXFileReference; lastKnownFileType = sourcecode.c.objc; path = main.m; sourceTree = "<group>"; };
		6003F59C195388D20070C39A /* YMTAppDelegate.h */ = {isa = PBXFileReference; lastKnownFileType = sourcecode.c.h; path = YMTAppDelegate.h; sourceTree = "<group>"; };
		6003F59D195388D20070C39A /* YMTAppDelegate.m */ = {isa = PBXFileReference; lastKnownFileType = sourcecode.c.objc; path = YMTAppDelegate.m; sourceTree = "<group>"; };
		6003F5A5195388D20070C39A /* YMTViewController.h */ = {isa = PBXFileReference; lastKnownFileType = sourcecode.c.h; path = YMTViewController.h; sourceTree = "<group>"; };
		6003F5A6195388D20070C39A /* YMTViewController.m */ = {isa = PBXFileReference; lastKnownFileType = sourcecode.c.objc; path = YMTViewController.m; sourceTree = "<group>"; };
		6003F5A8195388D20070C39A /* Images.xcassets */ = {isa = PBXFileReference; lastKnownFileType = folder.assetcatalog; path = Images.xcassets; sourceTree = "<group>"; };
		6003F5AE195388D20070C39A /* YMTBigClassRoom_Tests.xctest */ = {isa = PBXFileReference; explicitFileType = wrapper.cfbundle; includeInIndex = 0; path = YMTBigClassRoom_Tests.xctest; sourceTree = BUILT_PRODUCTS_DIR; };
		6003F5AF195388D20070C39A /* XCTest.framework */ = {isa = PBXFileReference; lastKnownFileType = wrapper.framework; name = XCTest.framework; path = Library/Frameworks/XCTest.framework; sourceTree = DEVELOPER_DIR; };
		6003F5B7195388D20070C39A /* Tests-Info.plist */ = {isa = PBXFileReference; lastKnownFileType = text.plist.xml; path = "Tests-Info.plist"; sourceTree = "<group>"; };
		6003F5B9195388D20070C39A /* en */ = {isa = PBXFileReference; lastKnownFileType = text.plist.strings; name = en; path = en.lproj/InfoPlist.strings; sourceTree = "<group>"; };
		6003F5BB195388D20070C39A /* Tests.m */ = {isa = PBXFileReference; lastKnownFileType = sourcecode.c.objc; path = Tests.m; sourceTree = "<group>"; };
		606FC2411953D9B200FFA9A0 /* Tests-Prefix.pch */ = {isa = PBXFileReference; lastKnownFileType = sourcecode.c.h; path = "Tests-Prefix.pch"; sourceTree = "<group>"; };
		71719F9E1E33DC2100824A3D /* Base */ = {isa = PBXFileReference; lastKnownFileType = file.storyboard; name = Base; path = Base.lproj/LaunchScreen.storyboard; sourceTree = "<group>"; };
		873B8AEA1B1F5CCA007FD442 /* Main.storyboard */ = {isa = PBXFileReference; fileEncoding = 4; lastKnownFileType = file.storyboard; name = Main.storyboard; path = Base.lproj/Main.storyboard; sourceTree = "<group>"; };
		A07FA3B15D1B0D12CAFC4590 /* libPods-YMTBigClassRoom_Example.a */ = {isa = PBXFileReference; explicitFileType = archive.ar; includeInIndex = 0; path = "libPods-YMTBigClassRoom_Example.a"; sourceTree = BUILT_PRODUCTS_DIR; };
		A7FB6071331E8C3CAC833D57 /* Pods-YMTBigClassRoom_Tests.debug.xcconfig */ = {isa = PBXFileReference; includeInIndex = 1; lastKnownFileType = text.xcconfig; name = "Pods-YMTBigClassRoom_Tests.debug.xcconfig"; path = "Target Support Files/Pods-YMTBigClassRoom_Tests/Pods-YMTBigClassRoom_Tests.debug.xcconfig"; sourceTree = "<group>"; };
		BA8E1143E84350B0D4795317 /* LICENSE */ = {isa = PBXFileReference; includeInIndex = 1; lastKnownFileType = text; name = LICENSE; path = ../LICENSE; sourceTree = "<group>"; };
		C0D408216FFA9E90FACA27A9 /* YMTBigClassRoom.podspec */ = {isa = PBXFileReference; includeInIndex = 1; lastKnownFileType = text; name = YMTBigClassRoom.podspec; path = ../YMTBigClassRoom.podspec; sourceTree = "<group>"; xcLanguageSpecificationIdentifier = xcode.lang.ruby; };
		D34AAE5CB08CBA61878D6BE6 /* Pods-YMTBigClassRoom_Example.debug.xcconfig */ = {isa = PBXFileReference; includeInIndex = 1; lastKnownFileType = text.xcconfig; name = "Pods-YMTBigClassRoom_Example.debug.xcconfig"; path = "Target Support Files/Pods-YMTBigClassRoom_Example/Pods-YMTBigClassRoom_Example.debug.xcconfig"; sourceTree = "<group>"; };
		E950208134DF26726C94E817 /* README.md */ = {isa = PBXFileReference; includeInIndex = 1; lastKnownFileType = net.daringfireball.markdown; name = README.md; path = ../README.md; sourceTree = "<group>"; };
		F9BB14663BE2E4F4D8EF188C /* Pods-YMTBigClassRoom_Tests.release.xcconfig */ = {isa = PBXFileReference; includeInIndex = 1; lastKnownFileType = text.xcconfig; name = "Pods-YMTBigClassRoom_Tests.release.xcconfig"; path = "Target Support Files/Pods-YMTBigClassRoom_Tests/Pods-YMTBigClassRoom_Tests.release.xcconfig"; sourceTree = "<group>"; };
/* End PBXFileReference section */

/* Begin PBXFrameworksBuildPhase section */
		6003F587195388D20070C39A /* Frameworks */ = {
			isa = PBXFrameworksBuildPhase;
			buildActionMask = 2147483647;
			files = (
				6003F590195388D20070C39A /* CoreGraphics.framework in Frameworks */,
				6003F592195388D20070C39A /* UIKit.framework in Frameworks */,
				6003F58E195388D20070C39A /* Foundation.framework in Frameworks */,
				207AEB56036610DCDE61727A /* libPods-YMTBigClassRoom_Example.a in Frameworks */,
			);
			runOnlyForDeploymentPostprocessing = 0;
		};
		6003F5AB195388D20070C39A /* Frameworks */ = {
			isa = PBXFrameworksBuildPhase;
			buildActionMask = 2147483647;
			files = (
				6003F5B0195388D20070C39A /* XCTest.framework in Frameworks */,
				6003F5B2195388D20070C39A /* UIKit.framework in Frameworks */,
				6003F5B1195388D20070C39A /* Foundation.framework in Frameworks */,
				4BF0E1149548726CEDC50AE8 /* libPods-YMTBigClassRoom_Tests.a in Frameworks */,
			);
			runOnlyForDeploymentPostprocessing = 0;
		};
/* End PBXFrameworksBuildPhase section */

/* Begin PBXGroup section */
		305119B8235D8E4E4D86B46F /* Pods */ = {
			isa = PBXGroup;
			children = (
				D34AAE5CB08CBA61878D6BE6 /* Pods-YMTBigClassRoom_Example.debug.xcconfig */,
				2A36FBDB0538E4EBBEB571BE /* Pods-YMTBigClassRoom_Example.release.xcconfig */,
				A7FB6071331E8C3CAC833D57 /* Pods-YMTBigClassRoom_Tests.debug.xcconfig */,
				F9BB14663BE2E4F4D8EF188C /* Pods-YMTBigClassRoom_Tests.release.xcconfig */,
			);
			path = Pods;
			sourceTree = "<group>";
		};
		6003F581195388D10070C39A = {
			isa = PBXGroup;
			children = (
				60FF7A9C1954A5C5007DD14C /* Podspec Metadata */,
				6003F593195388D20070C39A /* Example for YMTBigClassRoom */,
				6003F5B5195388D20070C39A /* Tests */,
				6003F58C195388D20070C39A /* Frameworks */,
				6003F58B195388D20070C39A /* Products */,
				305119B8235D8E4E4D86B46F /* Pods */,
			);
			sourceTree = "<group>";
		};
		6003F58B195388D20070C39A /* Products */ = {
			isa = PBXGroup;
			children = (
				6003F58A195388D20070C39A /* YMTBigClassRoom_Example.app */,
				6003F5AE195388D20070C39A /* YMTBigClassRoom_Tests.xctest */,
			);
			name = Products;
			sourceTree = "<group>";
		};
		6003F58C195388D20070C39A /* Frameworks */ = {
			isa = PBXGroup;
			children = (
				6003F58D195388D20070C39A /* Foundation.framework */,
				6003F58F195388D20070C39A /* CoreGraphics.framework */,
				6003F591195388D20070C39A /* UIKit.framework */,
				6003F5AF195388D20070C39A /* XCTest.framework */,
				A07FA3B15D1B0D12CAFC4590 /* libPods-YMTBigClassRoom_Example.a */,
				00E61DEFB64C9AFCDBD699CA /* libPods-YMTBigClassRoom_Tests.a */,
			);
			name = Frameworks;
			sourceTree = "<group>";
		};
		6003F593195388D20070C39A /* Example for YMTBigClassRoom */ = {
			isa = PBXGroup;
			children = (
				16589C152313EB2100E4E1D6 /* YMTEntryRoomViewController.h */,
				16589C142313EB2100E4E1D6 /* YMTEntryRoomViewController.m */,
				16589C132313EB2100E4E1D6 /* YMTLoginViewController.h */,
				16589C122313EB2100E4E1D6 /* YMTLoginViewController.m */,
				6003F59C195388D20070C39A /* YMTAppDelegate.h */,
				6003F59D195388D20070C39A /* YMTAppDelegate.m */,
				873B8AEA1B1F5CCA007FD442 /* Main.storyboard */,
				6003F5A5195388D20070C39A /* YMTViewController.h */,
				6003F5A6195388D20070C39A /* YMTViewController.m */,
				71719F9D1E33DC2100824A3D /* LaunchScreen.storyboard */,
				6003F5A8195388D20070C39A /* Images.xcassets */,
				6003F594195388D20070C39A /* Supporting Files */,
				16C2E9952329F064000F9240 /* NSData+YMTDataAES.h */,
				16C2E9962329F064000F9240 /* NSData+YMTDataAES.m */,
			);
			name = "Example for YMTBigClassRoom";
			path = YMTBigClassRoom;
			sourceTree = "<group>";
		};
		6003F594195388D20070C39A /* Supporting Files */ = {
			isa = PBXGroup;
			children = (
				6003F595195388D20070C39A /* YMTBigClassRoom-Info.plist */,
				6003F596195388D20070C39A /* InfoPlist.strings */,
				6003F599195388D20070C39A /* main.m */,
			);
			name = "Supporting Files";
			sourceTree = "<group>";
		};
		6003F5B5195388D20070C39A /* Tests */ = {
			isa = PBXGroup;
			children = (
				6003F5BB195388D20070C39A /* Tests.m */,
				6003F5B6195388D20070C39A /* Supporting Files */,
			);
			path = Tests;
			sourceTree = "<group>";
		};
		6003F5B6195388D20070C39A /* Supporting Files */ = {
			isa = PBXGroup;
			children = (
				6003F5B7195388D20070C39A /* Tests-Info.plist */,
				6003F5B8195388D20070C39A /* InfoPlist.strings */,
				606FC2411953D9B200FFA9A0 /* Tests-Prefix.pch */,
			);
			name = "Supporting Files";
			sourceTree = "<group>";
		};
		60FF7A9C1954A5C5007DD14C /* Podspec Metadata */ = {
			isa = PBXGroup;
			children = (
				C0D408216FFA9E90FACA27A9 /* YMTBigClassRoom.podspec */,
				E950208134DF26726C94E817 /* README.md */,
				BA8E1143E84350B0D4795317 /* LICENSE */,
			);
			name = "Podspec Metadata";
			sourceTree = "<group>";
		};
/* End PBXGroup section */

/* Begin PBXNativeTarget section */
		6003F589195388D20070C39A /* YMTBigClassRoom_Example */ = {
			isa = PBXNativeTarget;
			buildConfigurationList = 6003F5BF195388D20070C39A /* Build configuration list for PBXNativeTarget "YMTBigClassRoom_Example" */;
			buildPhases = (
				08585A365F2F1508408A3CFC /* [CP] Check Pods Manifest.lock */,
				6003F586195388D20070C39A /* Sources */,
				6003F587195388D20070C39A /* Frameworks */,
				6003F588195388D20070C39A /* Resources */,
				DAFE993B85B0484BBB47A046 /* [CP] Embed Pods Frameworks */,
				2AA1D017FD6496CE3EE528E4 /* [CP] Copy Pods Resources */,
			);
			buildRules = (
			);
			dependencies = (
			);
			name = YMTBigClassRoom_Example;
			productName = YMTBigClassRoom;
			productReference = 6003F58A195388D20070C39A /* YMTBigClassRoom_Example.app */;
			productType = "com.apple.product-type.application";
		};
		6003F5AD195388D20070C39A /* YMTBigClassRoom_Tests */ = {
			isa = PBXNativeTarget;
			buildConfigurationList = 6003F5C2195388D20070C39A /* Build configuration list for PBXNativeTarget "YMTBigClassRoom_Tests" */;
			buildPhases = (
				BB870A3E5477297CDF95F562 /* [CP] Check Pods Manifest.lock */,
				6003F5AA195388D20070C39A /* Sources */,
				6003F5AB195388D20070C39A /* Frameworks */,
				6003F5AC195388D20070C39A /* Resources */,
			);
			buildRules = (
			);
			dependencies = (
				6003F5B4195388D20070C39A /* PBXTargetDependency */,
			);
			name = YMTBigClassRoom_Tests;
			productName = YMTBigClassRoomTests;
			productReference = 6003F5AE195388D20070C39A /* YMTBigClassRoom_Tests.xctest */;
			productType = "com.apple.product-type.bundle.unit-test";
		};
/* End PBXNativeTarget section */

/* Begin PBXProject section */
		6003F582195388D10070C39A /* Project object */ = {
			isa = PBXProject;
			attributes = {
				CLASSPREFIX = YMT;
				LastUpgradeCheck = 0720;
				ORGANIZATIONNAME = zhangqian;
				TargetAttributes = {
					6003F589195388D20070C39A = {
						DevelopmentTeam = 9TKC77RUYU;
					};
					6003F5AD195388D20070C39A = {
						TestTargetID = 6003F589195388D20070C39A;
					};
				};
			};
			buildConfigurationList = 6003F585195388D10070C39A /* Build configuration list for PBXProject "YMTBigClassRoom" */;
			compatibilityVersion = "Xcode 3.2";
			developmentRegion = English;
			hasScannedForEncodings = 0;
			knownRegions = (
				English,
				en,
				Base,
			);
			mainGroup = 6003F581195388D10070C39A;
			productRefGroup = 6003F58B195388D20070C39A /* Products */;
			projectDirPath = "";
			projectRoot = "";
			targets = (
				6003F589195388D20070C39A /* YMTBigClassRoom_Example */,
				6003F5AD195388D20070C39A /* YMTBigClassRoom_Tests */,
			);
		};
/* End PBXProject section */

/* Begin PBXResourcesBuildPhase section */
		6003F588195388D20070C39A /* Resources */ = {
			isa = PBXResourcesBuildPhase;
			buildActionMask = 2147483647;
			files = (
				873B8AEB1B1F5CCA007FD442 /* Main.storyboard in Resources */,
				71719F9F1E33DC2100824A3D /* LaunchScreen.storyboard in Resources */,
				6003F5A9195388D20070C39A /* Images.xcassets in Resources */,
				6003F598195388D20070C39A /* InfoPlist.strings in Resources */,
			);
			runOnlyForDeploymentPostprocessing = 0;
		};
		6003F5AC195388D20070C39A /* Resources */ = {
			isa = PBXResourcesBuildPhase;
			buildActionMask = 2147483647;
			files = (
				6003F5BA195388D20070C39A /* InfoPlist.strings in Resources */,
			);
			runOnlyForDeploymentPostprocessing = 0;
		};
/* End PBXResourcesBuildPhase section */

/* Begin PBXShellScriptBuildPhase section */
		08585A365F2F1508408A3CFC /* [CP] Check Pods Manifest.lock */ = {
			isa = PBXShellScriptBuildPhase;
			buildActionMask = 2147483647;
			files = (
			);
			inputFileListPaths = (
			);
			inputPaths = (
				"${PODS_PODFILE_DIR_PATH}/Podfile.lock",
				"${PODS_ROOT}/Manifest.lock",
			);
			name = "[CP] Check Pods Manifest.lock";
			outputFileListPaths = (
			);
			outputPaths = (
				"$(DERIVED_FILE_DIR)/Pods-YMTBigClassRoom_Example-checkManifestLockResult.txt",
			);
			runOnlyForDeploymentPostprocessing = 0;
			shellPath = /bin/sh;
			shellScript = "diff \"${PODS_PODFILE_DIR_PATH}/Podfile.lock\" \"${PODS_ROOT}/Manifest.lock\" > /dev/null\nif [ $? != 0 ] ; then\n    # print error to STDERR\n    echo \"error: The sandbox is not in sync with the Podfile.lock. Run 'pod install' or update your CocoaPods installation.\" >&2\n    exit 1\nfi\n# This output is used by Xcode 'outputs' to avoid re-running this script phase.\necho \"SUCCESS\" > \"${SCRIPT_OUTPUT_FILE_0}\"\n";
			showEnvVarsInLog = 0;
		};
		2AA1D017FD6496CE3EE528E4 /* [CP] Copy Pods Resources */ = {
			isa = PBXShellScriptBuildPhase;
			buildActionMask = 2147483647;
			files = (
			);
			inputPaths = (
				"${PODS_ROOT}/Target Support Files/Pods-YMTBigClassRoom_Example/Pods-YMTBigClassRoom_Example-resources.sh",
				"${PODS_ROOT}/IQKeyboardManager/IQKeyboardManager/Resources/IQKeyboardManager.bundle",
				"${PODS_ROOT}/QMUIKit/QMUIKit/QMUIResources/QMUIResources.bundle",
				"${PODS_ROOT}/../../YMTBigClassRoom/Assets/APIjson.json",
				"${PODS_ROOT}/../../YMTBigClassRoom/Assets/playBtnPause.png",
				"${PODS_ROOT}/../../YMTBigClassRoom/Assets/playBtnPlay.png",
				"${PODS_ROOT}/../../YMTBigClassRoom/Assets/playViewBack.png",
				"${PODS_ROOT}/../../YMTBigClassRoom/Assets/SDSMallMockCommandView.xib",
				"${PODS_ROOT}/../../YMTBigClassRoom/Assets/video_btn_fullscreen.png",
				"${PODS_ROOT}/../../YMTBigClassRoom/Assets/video_btn_fullscreen@2x.png",
				"${PODS_ROOT}/../../YMTBigClassRoom/Assets/video_btn_fullscreen@3x.png",
				"${PODS_ROOT}/../../YMTBigClassRoom/Assets/video_btn_smallscreen.png",
				"${PODS_ROOT}/../../YMTBigClassRoom/Assets/video_btn_smallscreen@2x.png",
				"${PODS_ROOT}/../../YMTBigClassRoom/Assets/video_btn_smallscreen@3x.png",
				"${PODS_ROOT}/../../YMTBigClassRoom/Assets/YMRecordPlayerView.xib",
				"${PODS_ROOT}/../../YMTBigClassRoom/Assets/ymt_recordPlay_close.png",
				"${PODS_ROOT}/../../YMTBigClassRoom/Assets/ymt_recordPlay_close@2x.png",
				"${PODS_ROOT}/../../YMTBigClassRoom/Assets/ymt_recordPlay_close@3x.png",
				"${PODS_ROOT}/../../YMTBigClassRoom/Assets/ymt_recordPlay_loadingClose.png",
				"${PODS_ROOT}/../../YMTBigClassRoom/Assets/ymt_recordPlay_loadingClose@2x.png",
				"${PODS_ROOT}/../../YMTBigClassRoom/Assets/ymt_recordPlay_loadingClose@3x.png",
				"${PODS_ROOT}/../../YMTBigClassRoom/Assets/ymt_recordPlay_play.png",
				"${PODS_ROOT}/../../YMTBigClassRoom/Assets/ymt_recordPlay_play@2x.png",
				"${PODS_ROOT}/../../YMTBigClassRoom/Assets/ymt_recordPlay_play@3x.png",
				"${PODS_ROOT}/../../YMTBigClassRoom/Assets/ymt_recordPlay_slider.png",
				"${PODS_ROOT}/../../YMTBigClassRoom/Assets/ymt_recordPlay_slider@2x.png",
				"${PODS_ROOT}/../../YMTBigClassRoom/Assets/ymt_recordPlay_slider@3x.png",
				"${PODS_ROOT}/../../YMTBigClassRoom/Assets/ymt_recordPlay_stop.png",
				"${PODS_ROOT}/../../YMTBigClassRoom/Assets/ymt_recordPlay_stop2x.png",
				"${PODS_ROOT}/../../YMTBigClassRoom/Assets/ymt_recordPlay_stop3x.png",
				"${PODS_ROOT}/../../../YMTCloudClassroom/YMTCloudClassroom/Assets/btn_chat_default@2x.png",
				"${PODS_ROOT}/../../../YMTCloudClassroom/YMTCloudClassroom/Assets/btn_chat_default@3x.png",
				"${PODS_ROOT}/../../../YMTCloudClassroom/YMTCloudClassroom/Assets/btn_chat_highlight@2x.png",
				"${PODS_ROOT}/../../../YMTCloudClassroom/YMTCloudClassroom/Assets/btn_chat_highlight@3x.png",
				"${PODS_ROOT}/../../../YMTCloudClassroom/YMTCloudClassroom/Assets/btn_chat_selected@2x.png",
				"${PODS_ROOT}/../../../YMTCloudClassroom/YMTCloudClassroom/Assets/btn_chat_selected@3x.png",
				"${PODS_ROOT}/../../../YMTCloudClassroom/YMTCloudClassroom/Assets/btn_device_default@2x.png",
				"${PODS_ROOT}/../../../YMTCloudClassroom/YMTCloudClassroom/Assets/btn_device_default@3x.png",
				"${PODS_ROOT}/../../../YMTCloudClassroom/YMTCloudClassroom/Assets/btn_device_hightlight@2x.png",
				"${PODS_ROOT}/../../../YMTCloudClassroom/YMTCloudClassroom/Assets/btn_device_hightlight@3x.png",
				"${PODS_ROOT}/../../../YMTCloudClassroom/YMTCloudClassroom/Assets/btn_device_selected@2x.png",
				"${PODS_ROOT}/../../../YMTCloudClassroom/YMTCloudClassroom/Assets/btn_device_selected@3x.png",
				"${PODS_ROOT}/../../../YMTCloudClassroom/YMTCloudClassroom/Assets/btn_handsUp_default@2x.png",
				"${PODS_ROOT}/../../../YMTCloudClassroom/YMTCloudClassroom/Assets/btn_handsUp_default@3x.png",
				"${PODS_ROOT}/../../../YMTCloudClassroom/YMTCloudClassroom/Assets/btn_handsUp_selected@2x.png",
				"${PODS_ROOT}/../../../YMTCloudClassroom/YMTCloudClassroom/Assets/btn_handsUp_selected@3x.png",
				"${PODS_ROOT}/../../../YMTCloudClassroom/YMTCloudClassroom/Assets/btn_handsUp_speak@2x.png",
				"${PODS_ROOT}/../../../YMTCloudClassroom/YMTCloudClassroom/Assets/btn_handsUp_speak@3x.png",
				"${PODS_ROOT}/../../../YMTCloudClassroom/YMTCloudClassroom/Assets/daojishi@2x.png",
				"${PODS_ROOT}/../../../YMTCloudClassroom/YMTCloudClassroom/Assets/daojishi@3x.png",
				"${PODS_ROOT}/../../../YMTCloudClassroom/YMTCloudClassroom/Assets/default_student@2x.png",
				"${PODS_ROOT}/../../../YMTCloudClassroom/YMTCloudClassroom/Assets/default_student@3x.png",
				"${PODS_ROOT}/../../../YMTCloudClassroom/YMTCloudClassroom/Assets/default_teacher@2x.png",
				"${PODS_ROOT}/../../../YMTCloudClassroom/YMTCloudClassroom/Assets/default_teacher@3x.png",
				"${PODS_ROOT}/../../../YMTCloudClassroom/YMTCloudClassroom/Assets/default_video@2x.png",
				"${PODS_ROOT}/../../../YMTCloudClassroom/YMTCloudClassroom/Assets/default_video@3x.png",
				"${PODS_ROOT}/../../../YMTCloudClassroom/YMTCloudClassroom/Assets/deviceTest_btn_camera@2x.png",
				"${PODS_ROOT}/../../../YMTCloudClassroom/YMTCloudClassroom/Assets/deviceTest_btn_camera@3x.png",
				"${PODS_ROOT}/../../../YMTCloudClassroom/YMTCloudClassroom/Assets/deviceTest_btn_mic@2x.png",
				"${PODS_ROOT}/../../../YMTCloudClassroom/YMTCloudClassroom/Assets/deviceTest_btn_mic@3x.png",
				"${PODS_ROOT}/../../../YMTCloudClassroom/YMTCloudClassroom/Assets/deviceTest_btn_wifi@2x.png",
				"${PODS_ROOT}/../../../YMTCloudClassroom/YMTCloudClassroom/Assets/deviceTest_btn_wifi@3x.png",
				"${PODS_ROOT}/../../../YMTCloudClassroom/YMTCloudClassroom/Assets/deviceTest_camera@2x.png",
				"${PODS_ROOT}/../../../YMTCloudClassroom/YMTCloudClassroom/Assets/deviceTest_camera@3x.png",
				"${PODS_ROOT}/../../../YMTCloudClassroom/YMTCloudClassroom/Assets/deviceTest_circle@2x.png",
				"${PODS_ROOT}/../../../YMTCloudClassroom/YMTCloudClassroom/Assets/deviceTest_circle@3x.png",
				"${PODS_ROOT}/../../../YMTCloudClassroom/YMTCloudClassroom/Assets/deviceTest_closeDark@2x.png",
				"${PODS_ROOT}/../../../YMTCloudClassroom/YMTCloudClassroom/Assets/deviceTest_closeDark@3x.png",
				"${PODS_ROOT}/../../../YMTCloudClassroom/YMTCloudClassroom/Assets/deviceTest_closeLight@2x.png",
				"${PODS_ROOT}/../../../YMTCloudClassroom/YMTCloudClassroom/Assets/deviceTest_closeLight@3x.png",
				"${PODS_ROOT}/../../../YMTCloudClassroom/YMTCloudClassroom/Assets/deviceTest_closeWhite@2x.png",
				"${PODS_ROOT}/../../../YMTCloudClassroom/YMTCloudClassroom/Assets/deviceTest_closeWhite@3x.png",
				"${PODS_ROOT}/../../../YMTCloudClassroom/YMTCloudClassroom/Assets/deviceTest_error@2x.png",
				"${PODS_ROOT}/../../../YMTCloudClassroom/YMTCloudClassroom/Assets/deviceTest_error@3x.png",
				"${PODS_ROOT}/../../../YMTCloudClassroom/YMTCloudClassroom/Assets/deviceTest_setting@2x.png",
				"${PODS_ROOT}/../../../YMTCloudClassroom/YMTCloudClassroom/Assets/deviceTest_setting@3x.png",
				"${PODS_ROOT}/../../../YMTCloudClassroom/YMTCloudClassroom/Assets/deviceTest_volume1@2x.png",
				"${PODS_ROOT}/../../../YMTCloudClassroom/YMTCloudClassroom/Assets/deviceTest_volume1@3x.png",
				"${PODS_ROOT}/../../../YMTCloudClassroom/YMTCloudClassroom/Assets/deviceTest_volume2@2x.png",
				"${PODS_ROOT}/../../../YMTCloudClassroom/YMTCloudClassroom/Assets/deviceTest_volume2@3x.png",
				"${PODS_ROOT}/../../../YMTCloudClassroom/YMTCloudClassroom/Assets/deviceTest_volume3@2x.png",
				"${PODS_ROOT}/../../../YMTCloudClassroom/YMTCloudClassroom/Assets/deviceTest_volume3@3x.png",
				"${PODS_ROOT}/../../../YMTCloudClassroom/YMTCloudClassroom/Assets/deviceTest_wifi1@2x.png",
				"${PODS_ROOT}/../../../YMTCloudClassroom/YMTCloudClassroom/Assets/deviceTest_wifi1@3x.png",
				"${PODS_ROOT}/../../../YMTCloudClassroom/YMTCloudClassroom/Assets/deviceTest_wifi2@2x.png",
				"${PODS_ROOT}/../../../YMTCloudClassroom/YMTCloudClassroom/Assets/deviceTest_wifi2@3x.png",
				"${PODS_ROOT}/../../../YMTCloudClassroom/YMTCloudClassroom/Assets/deviceTest_wifi3@2x.png",
				"${PODS_ROOT}/../../../YMTCloudClassroom/YMTCloudClassroom/Assets/deviceTest_wifi3@3x.png",
				"${PODS_ROOT}/../../../YMTCloudClassroom/YMTCloudClassroom/Assets/diandian@2x.png",
				"${PODS_ROOT}/../../../YMTCloudClassroom/YMTCloudClassroom/Assets/diandian@3x.png",
				"${PODS_ROOT}/../../../YMTCloudClassroom/YMTCloudClassroom/Assets/jishiqi@2x.png",
				"${PODS_ROOT}/../../../YMTCloudClassroom/YMTCloudClassroom/Assets/jishiqi@3x.png",
				"${PODS_ROOT}/../../../YMTCloudClassroom/YMTCloudClassroom/Assets/mk1@2x.png",
				"${PODS_ROOT}/../../../YMTCloudClassroom/YMTCloudClassroom/Assets/mk1@3x.png",
				"${PODS_ROOT}/../../../YMTCloudClassroom/YMTCloudClassroom/Assets/mk2@2x.png",
				"${PODS_ROOT}/../../../YMTCloudClassroom/YMTCloudClassroom/Assets/mk2@3x.png",
				"${PODS_ROOT}/../../../YMTCloudClassroom/YMTCloudClassroom/Assets/trophy@2x.png",
				"${PODS_ROOT}/../../../YMTCloudClassroom/YMTCloudClassroom/Assets/trophy@3x.png",
				"${PODS_ROOT}/../../../YMTCloudClassroom/YMTCloudClassroom/Assets/volume_level_0@2x.png",
				"${PODS_ROOT}/../../../YMTCloudClassroom/YMTCloudClassroom/Assets/volume_level_0@3x.png",
				"${PODS_ROOT}/../../../YMTCloudClassroom/YMTCloudClassroom/Assets/volume_level_1@2x.png",
				"${PODS_ROOT}/../../../YMTCloudClassroom/YMTCloudClassroom/Assets/volume_level_1@3x.png",
				"${PODS_ROOT}/../../../YMTCloudClassroom/YMTCloudClassroom/Assets/volume_level_2@2x.png",
				"${PODS_ROOT}/../../../YMTCloudClassroom/YMTCloudClassroom/Assets/volume_level_2@3x.png",
				"${PODS_ROOT}/../../../YMTCloudClassroom/YMTCloudClassroom/Assets/volume_level_3@2x.png",
				"${PODS_ROOT}/../../../YMTCloudClassroom/YMTCloudClassroom/Assets/volume_level_3@3x.png",
				"${PODS_ROOT}/../../../YMTCloudClassroom/YMTCloudClassroom/Assets/volume_level_4@2x.png",
				"${PODS_ROOT}/../../../YMTCloudClassroom/YMTCloudClassroom/Assets/volume_level_4@3x.png",
				"${PODS_ROOT}/../../../YMTCloudClassroom/YMTCloudClassroom/Assets/volume_level_5@2x.png",
				"${PODS_ROOT}/../../../YMTCloudClassroom/YMTCloudClassroom/Assets/volume_level_5@3x.png",
				"${PODS_ROOT}/../../../YMTCloudClassroom/YMTCloudClassroom/Assets/w1@2x.png",
				"${PODS_ROOT}/../../../YMTCloudClassroom/YMTCloudClassroom/Assets/w1@3x.png",
				"${PODS_ROOT}/../../../YMTCloudClassroom/YMTCloudClassroom/Assets/w2@2x.png",
				"${PODS_ROOT}/../../../YMTCloudClassroom/YMTCloudClassroom/Assets/w2@3x.png",
				"${PODS_ROOT}/../../../YMTCloudClassroom/YMTCloudClassroom/Assets/w3@2x.png",
				"${PODS_ROOT}/../../../YMTCloudClassroom/YMTCloudClassroom/Assets/w3@3x.png",
				"${PODS_ROOT}/../../../YMTCloudClassroom/YMTCloudClassroom/Assets/w4@2x.png",
				"${PODS_ROOT}/../../../YMTCloudClassroom/YMTCloudClassroom/Assets/w4@3x.png",
				"${PODS_ROOT}/../../../YMTCloudClassroom/YMTCloudClassroom/Assets/YMLive.bundle/student_status_audio_invalid.png",
				"${PODS_ROOT}/../../../YMTCloudClassroom/YMTCloudClassroom/Assets/YMLive.bundle/student_status_audio_invalid@2x.png",
				"${PODS_ROOT}/../../../YMTCloudClassroom/YMTCloudClassroom/Assets/YMLive.bundle/student_status_audio_invalid@3x.png",
				"${PODS_ROOT}/../../../YMTCloudClassroom/YMTCloudClassroom/Assets/YMLive.bundle/student_status_audio_off.png",
				"${PODS_ROOT}/../../../YMTCloudClassroom/YMTCloudClassroom/Assets/YMLive.bundle/student_status_audio_off@2x.png",
				"${PODS_ROOT}/../../../YMTCloudClassroom/YMTCloudClassroom/Assets/YMLive.bundle/student_status_audio_off@3x.png",
				"${PODS_ROOT}/../../../YMTCloudClassroom/YMTCloudClassroom/Assets/YMLive.bundle/student_status_audio_on.png",
				"${PODS_ROOT}/../../../YMTCloudClassroom/YMTCloudClassroom/Assets/YMLive.bundle/student_status_audio_on@2x.png",
				"${PODS_ROOT}/../../../YMTCloudClassroom/YMTCloudClassroom/Assets/YMLive.bundle/student_status_audio_on@3x.png",
				"${PODS_ROOT}/../../../YMTCloudClassroom/YMTCloudClassroom/Assets/YMLive.bundle/xbk_camer_bg_sdforbid.png",
				"${PODS_ROOT}/../../../YMTCloudClassroom/YMTCloudClassroom/Assets/YMLive.bundle/xbk_camer_bg_sdforbid@2x.png",
				"${PODS_ROOT}/../../../YMTCloudClassroom/YMTCloudClassroom/Assets/YMLive.bundle/xbk_camer_bg_sdforbid@3x.png",
				"${PODS_ROOT}/../../../YMTCloudClassroom/YMTCloudClassroom/Assets/YMLive.bundle/xbk_camer_bg_thoff.png",
				"${PODS_ROOT}/../../../YMTCloudClassroom/YMTCloudClassroom/Assets/YMLive.bundle/xbk_camer_bg_thoff@2x.png",
				"${PODS_ROOT}/../../../YMTCloudClassroom/YMTCloudClassroom/Assets/YMLive.bundle/xbk_camer_bg_thoff@3x.png",
				"${PODS_ROOT}/../../../YMTCloudClassroom/YMTCloudClassroom/Assets/YMLive.bundle/xbk_classroome_wholebg.png",
				"${PODS_ROOT}/../../../YMTCloudClassroom/YMTCloudClassroom/Assets/YMLive.bundle/xbk_classroome_wholebg@2x.png",
				"${PODS_ROOT}/../../../YMTCloudClassroom/YMTCloudClassroom/Assets/YMLive.bundle/xbk_classroome_wholebg@3x.png",
				"${PODS_ROOT}/../../../YMTCloudClassroom/YMTCloudClassroom/Assets/YMLive.bundle/xbk_flag_teacher.png",
				"${PODS_ROOT}/../../../YMTCloudClassroom/YMTCloudClassroom/Assets/YMLive.bundle/xbk_flag_teacher@2x.png",
				"${PODS_ROOT}/../../../YMTCloudClassroom/YMTCloudClassroom/Assets/YMLive.bundle/xbk_flag_teacher@3x.png",
				"${PODS_ROOT}/../../../YMTCloudClassroom/YMTCloudClassroom/Assets/YMLive.bundle/xbk_icon_micro_on1.png",
				"${PODS_ROOT}/../../../YMTCloudClassroom/YMTCloudClassroom/Assets/YMLive.bundle/xbk_icon_micro_on1@2x.png",
				"${PODS_ROOT}/../../../YMTCloudClassroom/YMTCloudClassroom/Assets/YMLive.bundle/xbk_icon_micro_on1@3x.png",
				"${PODS_ROOT}/../../../YMTCloudClassroom/YMTCloudClassroom/Assets/YMLive.bundle/xbk_icon_micro_on2.png",
				"${PODS_ROOT}/../../../YMTCloudClassroom/YMTCloudClassroom/Assets/YMLive.bundle/xbk_icon_micro_on2@2x.png",
				"${PODS_ROOT}/../../../YMTCloudClassroom/YMTCloudClassroom/Assets/YMLive.bundle/xbk_icon_micro_on2@3x.png",
				"${PODS_ROOT}/../../../YMTCloudClassroom/YMTCloudClassroom/Assets/YMLive.bundle/xbk_icon_micro_on3.png",
				"${PODS_ROOT}/../../../YMTCloudClassroom/YMTCloudClassroom/Assets/YMLive.bundle/xbk_icon_micro_on3@2x.png",
				"${PODS_ROOT}/../../../YMTCloudClassroom/YMTCloudClassroom/Assets/YMLive.bundle/xbk_icon_micro_on3@3x.png",
				"${PODS_ROOT}/../../../YMTCloudClassroom/YMTCloudClassroom/Assets/YMLive.bundle/xbk_icon_micro_on4.png",
				"${PODS_ROOT}/../../../YMTCloudClassroom/YMTCloudClassroom/Assets/YMLive.bundle/xbk_icon_micro_on4@2x.png",
				"${PODS_ROOT}/../../../YMTCloudClassroom/YMTCloudClassroom/Assets/YMLive.bundle/xbk_icon_micro_on4@3x.png",
				"${PODS_ROOT}/../../../YMTCloudClassroom/YMTCloudClassroom/Assets/YMLive.bundle/xbk_icon_micro_on5.png",
				"${PODS_ROOT}/../../../YMTCloudClassroom/YMTCloudClassroom/Assets/YMLive.bundle/xbk_icon_micro_on5@2x.png",
				"${PODS_ROOT}/../../../YMTCloudClassroom/YMTCloudClassroom/Assets/YMLive.bundle/xbk_icon_micro_on5@3x.png",
				"${PODS_ROOT}/../../../YMTCloudClassroom/YMTCloudClassroom/Assets/YMLive.bundle/xbk_icon_micro_on6.png",
				"${PODS_ROOT}/../../../YMTCloudClassroom/YMTCloudClassroom/Assets/YMLive.bundle/xbk_icon_micro_on6@2x.png",
				"${PODS_ROOT}/../../../YMTCloudClassroom/YMTCloudClassroom/Assets/YMLive.bundle/xbk_icon_micro_on6@3x.png",
				"${PODS_ROOT}/../../../YMTCloudClassroom/YMTCloudClassroom/Assets/YMLive.bundle/xb_cr_stu_enter_room.gif",
				"${PODS_ROOT}/../../../YMTCloudClassroom/YMTCloudClassroom/Assets/YMLiveFrameChildView.xib",
				"${PODS_ROOT}/../../../YMTCloudClassroom/YMTCloudClassroom/Assets/YMRoomDeviceAlertView.xib",
				"${PODS_ROOT}/../../../YMTCloudClassroom/YMTCloudClassroom/Assets/YMRoomDeviceAlertViewiPhone.xib",
				"${PODS_ROOT}/../../../YMTCloudClassroom/YMTCloudClassroom/Assets/YMRoomDeviceTestCameraView.xib",
				"${PODS_ROOT}/../../../YMTCloudClassroom/YMTCloudClassroom/Assets/YMRoomDeviceTestCameraViewiPhone.xib",
				"${PODS_ROOT}/../../../YMTCloudClassroom/YMTCloudClassroom/Assets/YMRoomDeviceTestNetView.xib",
				"${PODS_ROOT}/../../../YMTCloudClassroom/YMTCloudClassroom/Assets/YMRoomDeviceTestNetViewiPhone.xib",
				"${PODS_ROOT}/../../../YMTCloudClassroom/YMTCloudClassroom/Assets/YMRoomDeviceTestView.xib",
				"${PODS_ROOT}/../../../YMTCloudClassroom/YMTCloudClassroom/Assets/YMRoomDeviceTestViewiPhone.xib",
				"${PODS_ROOT}/../../../YMTCloudClassroom/YMTCloudClassroom/Assets/ymt-answerCancle@2x.png",
				"${PODS_ROOT}/../../../YMTCloudClassroom/YMTCloudClassroom/Assets/ymt-answerCancle@3x.png",
				"${PODS_ROOT}/../../../YMTCloudClassroom/YMTCloudClassroom/Assets/ymt-answerCorrect@2x.png",
				"${PODS_ROOT}/../../../YMTCloudClassroom/YMTCloudClassroom/Assets/ymt-answerCorrect@3x.png",
				"${PODS_ROOT}/../../../YMTCloudClassroom/YMTCloudClassroom/Assets/ymt-answerStop@2x.png",
				"${PODS_ROOT}/../../../YMTCloudClassroom/YMTCloudClassroom/Assets/ymt-answerStop@3x.png",
				"${PODS_ROOT}/../../../YMTCloudClassroom/YMTCloudClassroom/Assets/ymt-answerTimeOut@2x.png",
				"${PODS_ROOT}/../../../YMTCloudClassroom/YMTCloudClassroom/Assets/ymt-answerTimeOut@3x.png",
				"${PODS_ROOT}/../../../YMTCloudClassroom/YMTCloudClassroom/Assets/ymt-answerWrong@2x.png",
				"${PODS_ROOT}/../../../YMTCloudClassroom/YMTCloudClassroom/Assets/ymt-answerWrong@3x.png",
				"${PODS_ROOT}/../../../YMTCloudClassroom/YMTCloudClassroom/Assets/ymt-bigclass-exit@2x.png",
				"${PODS_ROOT}/../../../YMTCloudClassroom/YMTCloudClassroom/Assets/ymt-bigclass-exit@3x.png",
				"${PODS_ROOT}/../../../YMTCloudClassroom/YMTCloudClassroom/Assets/ymt-bigclass-jiangbei@2x.png",
				"${PODS_ROOT}/../../../YMTCloudClassroom/YMTCloudClassroom/Assets/ymt-bigclass-jiangbei@3x.png",
				"${PODS_ROOT}/../../../YMTCloudClassroom/YMTCloudClassroom/Assets/ymt-bigclass-jifen@2x.png",
				"${PODS_ROOT}/../../../YMTCloudClassroom/YMTCloudClassroom/Assets/ymt-bigclass-jifen@3x.png",
				"${PODS_ROOT}/../../../YMTCloudClassroom/YMTCloudClassroom/Assets/ymt-countdown1@2x.png",
				"${PODS_ROOT}/../../../YMTCloudClassroom/YMTCloudClassroom/Assets/ymt-countdown1@3x.png",
				"${PODS_ROOT}/../../../YMTCloudClassroom/YMTCloudClassroom/Assets/ymt-countdown2@2x.png",
				"${PODS_ROOT}/../../../YMTCloudClassroom/YMTCloudClassroom/Assets/ymt-countdown2@3x.png",
				"${PODS_ROOT}/../../../YMTCloudClassroom/YMTCloudClassroom/Assets/ymt-countdown3@2x.png",
				"${PODS_ROOT}/../../../YMTCloudClassroom/YMTCloudClassroom/Assets/ymt-countdown3@3x.png",
				"${PODS_ROOT}/../../../YMTCloudClassroom/YMTCloudClassroom/Assets/ymt-disconnect@2x.png",
				"${PODS_ROOT}/../../../YMTCloudClassroom/YMTCloudClassroom/Assets/ymt-disconnect@3x.png",
				"${PODS_ROOT}/../../../YMTCloudClassroom/YMTCloudClassroom/Assets/ymt-djsbj@2x.png",
				"${PODS_ROOT}/../../../YMTCloudClassroom/YMTCloudClassroom/Assets/ymt-djsbj@3x.png",
				"${PODS_ROOT}/../../../YMTCloudClassroom/YMTCloudClassroom/Assets/ymt-endClassBackgound@2x.png",
				"${PODS_ROOT}/../../../YMTCloudClassroom/YMTCloudClassroom/Assets/ymt-endClassBackgound@3x.png",
				"${PODS_ROOT}/../../../YMTCloudClassroom/YMTCloudClassroom/Assets/ymt-hbw-select@2x.png",
				"${PODS_ROOT}/../../../YMTCloudClassroom/YMTCloudClassroom/Assets/ymt-hbw-select@3x.png",
				"${PODS_ROOT}/../../../YMTCloudClassroom/YMTCloudClassroom/Assets/ymt-hbw@2x.png",
				"${PODS_ROOT}/../../../YMTCloudClassroom/YMTCloudClassroom/Assets/ymt-hbw@3x.png",
				"${PODS_ROOT}/../../../YMTCloudClassroom/YMTCloudClassroom/Assets/ymt-kickOut@2x.png",
				"${PODS_ROOT}/../../../YMTCloudClassroom/YMTCloudClassroom/Assets/ymt-kickOut@3x.png",
				"${PODS_ROOT}/../../../YMTCloudClassroom/YMTCloudClassroom/Assets/ymt-leaveRoomHighlight@2x.png",
				"${PODS_ROOT}/../../../YMTCloudClassroom/YMTCloudClassroom/Assets/ymt-leaveRoomHighlight@3x.png",
				"${PODS_ROOT}/../../../YMTCloudClassroom/YMTCloudClassroom/Assets/ymt-leaveRoomNomal@2x.png",
				"${PODS_ROOT}/../../../YMTCloudClassroom/YMTCloudClassroom/Assets/ymt-leaveRoomNomal@3x.png",
				"${PODS_ROOT}/../../../YMTCloudClassroom/YMTCloudClassroom/Assets/ymt-ph-1@2x.png",
				"${PODS_ROOT}/../../../YMTCloudClassroom/YMTCloudClassroom/Assets/ymt-ph-1@3x.png",
				"${PODS_ROOT}/../../../YMTCloudClassroom/YMTCloudClassroom/Assets/ymt-ph-2@2x.png",
				"${PODS_ROOT}/../../../YMTCloudClassroom/YMTCloudClassroom/Assets/ymt-ph-2@3x.png",
				"${PODS_ROOT}/../../../YMTCloudClassroom/YMTCloudClassroom/Assets/ymt-ph-3@2x.png",
				"${PODS_ROOT}/../../../YMTCloudClassroom/YMTCloudClassroom/Assets/ymt-ph-3@3x.png",
				"${PODS_ROOT}/../../../YMTCloudClassroom/YMTCloudClassroom/Assets/ymt-ph-4@2x.png",
				"${PODS_ROOT}/../../../YMTCloudClassroom/YMTCloudClassroom/Assets/ymt-ph-4@3x.png",
				"${PODS_ROOT}/../../../YMTCloudClassroom/YMTCloudClassroom/Assets/ymt-ph-5@2x.png",
				"${PODS_ROOT}/../../../YMTCloudClassroom/YMTCloudClassroom/Assets/ymt-ph-5@3x.png",
				"${PODS_ROOT}/../../../YMTCloudClassroom/YMTCloudClassroom/Assets/ymt-phb-1@2x.png",
				"${PODS_ROOT}/../../../YMTCloudClassroom/YMTCloudClassroom/Assets/ymt-phb-1@3x.png",
				"${PODS_ROOT}/../../../YMTCloudClassroom/YMTCloudClassroom/Assets/ymt-phb-cellbg@2x.png",
				"${PODS_ROOT}/../../../YMTCloudClassroom/YMTCloudClassroom/Assets/ymt-phb-cellbg@3x.png",
				"${PODS_ROOT}/../../../YMTCloudClassroom/YMTCloudClassroom/Assets/ymt-phb-close@2x.png",
				"${PODS_ROOT}/../../../YMTCloudClassroom/YMTCloudClassroom/Assets/ymt-phb-close@3x.png",
				"${PODS_ROOT}/../../../YMTCloudClassroom/YMTCloudClassroom/Assets/ymt-startClass@2x.png",
				"${PODS_ROOT}/../../../YMTCloudClassroom/YMTCloudClassroom/Assets/ymt-startClass@3x.png",
				"${PODS_ROOT}/../../../YMTCloudClassroom/YMTCloudClassroom/Assets/ymt-teacherLeave@2x.png",
				"${PODS_ROOT}/../../../YMTCloudClassroom/YMTCloudClassroom/Assets/ymt-teacherLeave@3x.png",
				"${PODS_ROOT}/../../../YMTCloudClassroom/YMTCloudClassroom/Assets/ymt-watingClass@2x.png",
				"${PODS_ROOT}/../../../YMTCloudClassroom/YMTCloudClassroom/Assets/ymt-watingClass@3x.png",
				"${PODS_ROOT}/../../../YMTCloudClassroom/YMTCloudClassroom/Assets/YMTAnswerView.xib",
				"${PODS_ROOT}/../../../YMTCloudClassroom/YMTCloudClassroom/Assets/YMTDeviceSettingView.xib",
				"${PODS_ROOT}/../../../YMTCloudClassroom/YMTCloudClassroom/Assets/YMTLiveChildView.xib",
				"${PODS_ROOT}/../../../YMTCloudClassroom/YMTCloudClassroom/Assets/YMTSoundEffectsCoin.wav",
				"${PODS_ROOT}/../../../YMTCloudClassroom/YMTCloudClassroom/Assets/YMTSoundEffectsCup.wav",
				"${PODS_ROOT}/../../../YMTCloudClassroom/YMTCloudClassroom/Assets/YMTTimeMeterView.xib",
				"${PODS_ROOT}/../../../YMTCloudClassroom/YMTCloudClassroom/Assets/ymt_room_status_class_end@2x.png",
				"${PODS_ROOT}/../../../YMTCloudClassroom/YMTCloudClassroom/Assets/ymt_room_status_class_end@3x.png",
				"${PODS_ROOT}/../../../YMTCloudClassroom/YMTCloudClassroom/Assets/ymt_room_status_in_class@2x.png",
				"${PODS_ROOT}/../../../YMTCloudClassroom/YMTCloudClassroom/Assets/ymt_room_status_in_class@3x.png",
				"${PODS_ROOT}/../../../YMTCloudClassroom/YMTCloudClassroom/Assets/ymt_room_status_tea_leave@2x.png",
				"${PODS_ROOT}/../../../YMTCloudClassroom/YMTCloudClassroom/Assets/ymt_room_status_tea_leave@3x.png",
				"${PODS_ROOT}/../../../YMTCloudClassroom/YMTCloudClassroom/Assets/ymt_room_status_wait_class@2x.png",
				"${PODS_ROOT}/../../../YMTCloudClassroom/YMTCloudClassroom/Assets/ymt_room_status_wait_class@3x.png",
				"${PODS_ROOT}/../../../YMTCloudClassroom/YMTCloudClassroom/Assets/YMLive.bundle",
				"${PODS_ROOT}/ZFPlayer/ZFPlayer/ZFPlayer.bundle",
			);
			name = "[CP] Copy Pods Resources";
			outputPaths = (
				"${TARGET_BUILD_DIR}/${UNLOCALIZED_RESOURCES_FOLDER_PATH}/IQKeyboardManager.bundle",
				"${TARGET_BUILD_DIR}/${UNLOCALIZED_RESOURCES_FOLDER_PATH}/QMUIResources.bundle",
				"${TARGET_BUILD_DIR}/${UNLOCALIZED_RESOURCES_FOLDER_PATH}/APIjson.json",
				"${TARGET_BUILD_DIR}/${UNLOCALIZED_RESOURCES_FOLDER_PATH}/playBtnPause.png",
				"${TARGET_BUILD_DIR}/${UNLOCALIZED_RESOURCES_FOLDER_PATH}/playBtnPlay.png",
				"${TARGET_BUILD_DIR}/${UNLOCALIZED_RESOURCES_FOLDER_PATH}/playViewBack.png",
				"${TARGET_BUILD_DIR}/${UNLOCALIZED_RESOURCES_FOLDER_PATH}/SDSMallMockCommandView.nib",
				"${TARGET_BUILD_DIR}/${UNLOCALIZED_RESOURCES_FOLDER_PATH}/video_btn_fullscreen.png",
				"${TARGET_BUILD_DIR}/${UNLOCALIZED_RESOURCES_FOLDER_PATH}/video_btn_fullscreen@2x.png",
				"${TARGET_BUILD_DIR}/${UNLOCALIZED_RESOURCES_FOLDER_PATH}/video_btn_fullscreen@3x.png",
				"${TARGET_BUILD_DIR}/${UNLOCALIZED_RESOURCES_FOLDER_PATH}/video_btn_smallscreen.png",
				"${TARGET_BUILD_DIR}/${UNLOCALIZED_RESOURCES_FOLDER_PATH}/video_btn_smallscreen@2x.png",
				"${TARGET_BUILD_DIR}/${UNLOCALIZED_RESOURCES_FOLDER_PATH}/video_btn_smallscreen@3x.png",
				"${TARGET_BUILD_DIR}/${UNLOCALIZED_RESOURCES_FOLDER_PATH}/YMRecordPlayerView.nib",
				"${TARGET_BUILD_DIR}/${UNLOCALIZED_RESOURCES_FOLDER_PATH}/ymt_recordPlay_close.png",
				"${TARGET_BUILD_DIR}/${UNLOCALIZED_RESOURCES_FOLDER_PATH}/ymt_recordPlay_close@2x.png",
				"${TARGET_BUILD_DIR}/${UNLOCALIZED_RESOURCES_FOLDER_PATH}/ymt_recordPlay_close@3x.png",
				"${TARGET_BUILD_DIR}/${UNLOCALIZED_RESOURCES_FOLDER_PATH}/ymt_recordPlay_loadingClose.png",
				"${TARGET_BUILD_DIR}/${UNLOCALIZED_RESOURCES_FOLDER_PATH}/ymt_recordPlay_loadingClose@2x.png",
				"${TARGET_BUILD_DIR}/${UNLOCALIZED_RESOURCES_FOLDER_PATH}/ymt_recordPlay_loadingClose@3x.png",
				"${TARGET_BUILD_DIR}/${UNLOCALIZED_RESOURCES_FOLDER_PATH}/ymt_recordPlay_play.png",
				"${TARGET_BUILD_DIR}/${UNLOCALIZED_RESOURCES_FOLDER_PATH}/ymt_recordPlay_play@2x.png",
				"${TARGET_BUILD_DIR}/${UNLOCALIZED_RESOURCES_FOLDER_PATH}/ymt_recordPlay_play@3x.png",
				"${TARGET_BUILD_DIR}/${UNLOCALIZED_RESOURCES_FOLDER_PATH}/ymt_recordPlay_slider.png",
				"${TARGET_BUILD_DIR}/${UNLOCALIZED_RESOURCES_FOLDER_PATH}/ymt_recordPlay_slider@2x.png",
				"${TARGET_BUILD_DIR}/${UNLOCALIZED_RESOURCES_FOLDER_PATH}/ymt_recordPlay_slider@3x.png",
				"${TARGET_BUILD_DIR}/${UNLOCALIZED_RESOURCES_FOLDER_PATH}/ymt_recordPlay_stop.png",
				"${TARGET_BUILD_DIR}/${UNLOCALIZED_RESOURCES_FOLDER_PATH}/ymt_recordPlay_stop2x.png",
				"${TARGET_BUILD_DIR}/${UNLOCALIZED_RESOURCES_FOLDER_PATH}/ymt_recordPlay_stop3x.png",
				"${TARGET_BUILD_DIR}/${UNLOCALIZED_RESOURCES_FOLDER_PATH}/btn_chat_default@2x.png",
				"${TARGET_BUILD_DIR}/${UNLOCALIZED_RESOURCES_FOLDER_PATH}/btn_chat_default@3x.png",
				"${TARGET_BUILD_DIR}/${UNLOCALIZED_RESOURCES_FOLDER_PATH}/btn_chat_highlight@2x.png",
				"${TARGET_BUILD_DIR}/${UNLOCALIZED_RESOURCES_FOLDER_PATH}/btn_chat_highlight@3x.png",
				"${TARGET_BUILD_DIR}/${UNLOCALIZED_RESOURCES_FOLDER_PATH}/btn_chat_selected@2x.png",
				"${TARGET_BUILD_DIR}/${UNLOCALIZED_RESOURCES_FOLDER_PATH}/btn_chat_selected@3x.png",
				"${TARGET_BUILD_DIR}/${UNLOCALIZED_RESOURCES_FOLDER_PATH}/btn_device_default@2x.png",
				"${TARGET_BUILD_DIR}/${UNLOCALIZED_RESOURCES_FOLDER_PATH}/btn_device_default@3x.png",
				"${TARGET_BUILD_DIR}/${UNLOCALIZED_RESOURCES_FOLDER_PATH}/btn_device_hightlight@2x.png",
				"${TARGET_BUILD_DIR}/${UNLOCALIZED_RESOURCES_FOLDER_PATH}/btn_device_hightlight@3x.png",
				"${TARGET_BUILD_DIR}/${UNLOCALIZED_RESOURCES_FOLDER_PATH}/btn_device_selected@2x.png",
				"${TARGET_BUILD_DIR}/${UNLOCALIZED_RESOURCES_FOLDER_PATH}/btn_device_selected@3x.png",
				"${TARGET_BUILD_DIR}/${UNLOCALIZED_RESOURCES_FOLDER_PATH}/btn_handsUp_default@2x.png",
				"${TARGET_BUILD_DIR}/${UNLOCALIZED_RESOURCES_FOLDER_PATH}/btn_handsUp_default@3x.png",
				"${TARGET_BUILD_DIR}/${UNLOCALIZED_RESOURCES_FOLDER_PATH}/btn_handsUp_selected@2x.png",
				"${TARGET_BUILD_DIR}/${UNLOCALIZED_RESOURCES_FOLDER_PATH}/btn_handsUp_selected@3x.png",
				"${TARGET_BUILD_DIR}/${UNLOCALIZED_RESOURCES_FOLDER_PATH}/btn_handsUp_speak@2x.png",
				"${TARGET_BUILD_DIR}/${UNLOCALIZED_RESOURCES_FOLDER_PATH}/btn_handsUp_speak@3x.png",
				"${TARGET_BUILD_DIR}/${UNLOCALIZED_RESOURCES_FOLDER_PATH}/daojishi@2x.png",
				"${TARGET_BUILD_DIR}/${UNLOCALIZED_RESOURCES_FOLDER_PATH}/daojishi@3x.png",
				"${TARGET_BUILD_DIR}/${UNLOCALIZED_RESOURCES_FOLDER_PATH}/default_student@2x.png",
				"${TARGET_BUILD_DIR}/${UNLOCALIZED_RESOURCES_FOLDER_PATH}/default_student@3x.png",
				"${TARGET_BUILD_DIR}/${UNLOCALIZED_RESOURCES_FOLDER_PATH}/default_teacher@2x.png",
				"${TARGET_BUILD_DIR}/${UNLOCALIZED_RESOURCES_FOLDER_PATH}/default_teacher@3x.png",
				"${TARGET_BUILD_DIR}/${UNLOCALIZED_RESOURCES_FOLDER_PATH}/default_video@2x.png",
				"${TARGET_BUILD_DIR}/${UNLOCALIZED_RESOURCES_FOLDER_PATH}/default_video@3x.png",
				"${TARGET_BUILD_DIR}/${UNLOCALIZED_RESOURCES_FOLDER_PATH}/deviceTest_btn_camera@2x.png",
				"${TARGET_BUILD_DIR}/${UNLOCALIZED_RESOURCES_FOLDER_PATH}/deviceTest_btn_camera@3x.png",
				"${TARGET_BUILD_DIR}/${UNLOCALIZED_RESOURCES_FOLDER_PATH}/deviceTest_btn_mic@2x.png",
				"${TARGET_BUILD_DIR}/${UNLOCALIZED_RESOURCES_FOLDER_PATH}/deviceTest_btn_mic@3x.png",
				"${TARGET_BUILD_DIR}/${UNLOCALIZED_RESOURCES_FOLDER_PATH}/deviceTest_btn_wifi@2x.png",
				"${TARGET_BUILD_DIR}/${UNLOCALIZED_RESOURCES_FOLDER_PATH}/deviceTest_btn_wifi@3x.png",
				"${TARGET_BUILD_DIR}/${UNLOCALIZED_RESOURCES_FOLDER_PATH}/deviceTest_camera@2x.png",
				"${TARGET_BUILD_DIR}/${UNLOCALIZED_RESOURCES_FOLDER_PATH}/deviceTest_camera@3x.png",
				"${TARGET_BUILD_DIR}/${UNLOCALIZED_RESOURCES_FOLDER_PATH}/deviceTest_circle@2x.png",
				"${TARGET_BUILD_DIR}/${UNLOCALIZED_RESOURCES_FOLDER_PATH}/deviceTest_circle@3x.png",
				"${TARGET_BUILD_DIR}/${UNLOCALIZED_RESOURCES_FOLDER_PATH}/deviceTest_closeDark@2x.png",
				"${TARGET_BUILD_DIR}/${UNLOCALIZED_RESOURCES_FOLDER_PATH}/deviceTest_closeDark@3x.png",
				"${TARGET_BUILD_DIR}/${UNLOCALIZED_RESOURCES_FOLDER_PATH}/deviceTest_closeLight@2x.png",
				"${TARGET_BUILD_DIR}/${UNLOCALIZED_RESOURCES_FOLDER_PATH}/deviceTest_closeLight@3x.png",
				"${TARGET_BUILD_DIR}/${UNLOCALIZED_RESOURCES_FOLDER_PATH}/deviceTest_closeWhite@2x.png",
				"${TARGET_BUILD_DIR}/${UNLOCALIZED_RESOURCES_FOLDER_PATH}/deviceTest_closeWhite@3x.png",
				"${TARGET_BUILD_DIR}/${UNLOCALIZED_RESOURCES_FOLDER_PATH}/deviceTest_error@2x.png",
				"${TARGET_BUILD_DIR}/${UNLOCALIZED_RESOURCES_FOLDER_PATH}/deviceTest_error@3x.png",
				"${TARGET_BUILD_DIR}/${UNLOCALIZED_RESOURCES_FOLDER_PATH}/deviceTest_setting@2x.png",
				"${TARGET_BUILD_DIR}/${UNLOCALIZED_RESOURCES_FOLDER_PATH}/deviceTest_setting@3x.png",
				"${TARGET_BUILD_DIR}/${UNLOCALIZED_RESOURCES_FOLDER_PATH}/deviceTest_volume1@2x.png",
				"${TARGET_BUILD_DIR}/${UNLOCALIZED_RESOURCES_FOLDER_PATH}/deviceTest_volume1@3x.png",
				"${TARGET_BUILD_DIR}/${UNLOCALIZED_RESOURCES_FOLDER_PATH}/deviceTest_volume2@2x.png",
				"${TARGET_BUILD_DIR}/${UNLOCALIZED_RESOURCES_FOLDER_PATH}/deviceTest_volume2@3x.png",
				"${TARGET_BUILD_DIR}/${UNLOCALIZED_RESOURCES_FOLDER_PATH}/deviceTest_volume3@2x.png",
				"${TARGET_BUILD_DIR}/${UNLOCALIZED_RESOURCES_FOLDER_PATH}/deviceTest_volume3@3x.png",
				"${TARGET_BUILD_DIR}/${UNLOCALIZED_RESOURCES_FOLDER_PATH}/deviceTest_wifi1@2x.png",
				"${TARGET_BUILD_DIR}/${UNLOCALIZED_RESOURCES_FOLDER_PATH}/deviceTest_wifi1@3x.png",
				"${TARGET_BUILD_DIR}/${UNLOCALIZED_RESOURCES_FOLDER_PATH}/deviceTest_wifi2@2x.png",
				"${TARGET_BUILD_DIR}/${UNLOCALIZED_RESOURCES_FOLDER_PATH}/deviceTest_wifi2@3x.png",
				"${TARGET_BUILD_DIR}/${UNLOCALIZED_RESOURCES_FOLDER_PATH}/deviceTest_wifi3@2x.png",
				"${TARGET_BUILD_DIR}/${UNLOCALIZED_RESOURCES_FOLDER_PATH}/deviceTest_wifi3@3x.png",
				"${TARGET_BUILD_DIR}/${UNLOCALIZED_RESOURCES_FOLDER_PATH}/diandian@2x.png",
				"${TARGET_BUILD_DIR}/${UNLOCALIZED_RESOURCES_FOLDER_PATH}/diandian@3x.png",
				"${TARGET_BUILD_DIR}/${UNLOCALIZED_RESOURCES_FOLDER_PATH}/jishiqi@2x.png",
				"${TARGET_BUILD_DIR}/${UNLOCALIZED_RESOURCES_FOLDER_PATH}/jishiqi@3x.png",
				"${TARGET_BUILD_DIR}/${UNLOCALIZED_RESOURCES_FOLDER_PATH}/mk1@2x.png",
				"${TARGET_BUILD_DIR}/${UNLOCALIZED_RESOURCES_FOLDER_PATH}/mk1@3x.png",
				"${TARGET_BUILD_DIR}/${UNLOCALIZED_RESOURCES_FOLDER_PATH}/mk2@2x.png",
				"${TARGET_BUILD_DIR}/${UNLOCALIZED_RESOURCES_FOLDER_PATH}/mk2@3x.png",
				"${TARGET_BUILD_DIR}/${UNLOCALIZED_RESOURCES_FOLDER_PATH}/trophy@2x.png",
				"${TARGET_BUILD_DIR}/${UNLOCALIZED_RESOURCES_FOLDER_PATH}/trophy@3x.png",
				"${TARGET_BUILD_DIR}/${UNLOCALIZED_RESOURCES_FOLDER_PATH}/volume_level_0@2x.png",
				"${TARGET_BUILD_DIR}/${UNLOCALIZED_RESOURCES_FOLDER_PATH}/volume_level_0@3x.png",
				"${TARGET_BUILD_DIR}/${UNLOCALIZED_RESOURCES_FOLDER_PATH}/volume_level_1@2x.png",
				"${TARGET_BUILD_DIR}/${UNLOCALIZED_RESOURCES_FOLDER_PATH}/volume_level_1@3x.png",
				"${TARGET_BUILD_DIR}/${UNLOCALIZED_RESOURCES_FOLDER_PATH}/volume_level_2@2x.png",
				"${TARGET_BUILD_DIR}/${UNLOCALIZED_RESOURCES_FOLDER_PATH}/volume_level_2@3x.png",
				"${TARGET_BUILD_DIR}/${UNLOCALIZED_RESOURCES_FOLDER_PATH}/volume_level_3@2x.png",
				"${TARGET_BUILD_DIR}/${UNLOCALIZED_RESOURCES_FOLDER_PATH}/volume_level_3@3x.png",
				"${TARGET_BUILD_DIR}/${UNLOCALIZED_RESOURCES_FOLDER_PATH}/volume_level_4@2x.png",
				"${TARGET_BUILD_DIR}/${UNLOCALIZED_RESOURCES_FOLDER_PATH}/volume_level_4@3x.png",
				"${TARGET_BUILD_DIR}/${UNLOCALIZED_RESOURCES_FOLDER_PATH}/volume_level_5@2x.png",
				"${TARGET_BUILD_DIR}/${UNLOCALIZED_RESOURCES_FOLDER_PATH}/volume_level_5@3x.png",
				"${TARGET_BUILD_DIR}/${UNLOCALIZED_RESOURCES_FOLDER_PATH}/w1@2x.png",
				"${TARGET_BUILD_DIR}/${UNLOCALIZED_RESOURCES_FOLDER_PATH}/w1@3x.png",
				"${TARGET_BUILD_DIR}/${UNLOCALIZED_RESOURCES_FOLDER_PATH}/w2@2x.png",
				"${TARGET_BUILD_DIR}/${UNLOCALIZED_RESOURCES_FOLDER_PATH}/w2@3x.png",
				"${TARGET_BUILD_DIR}/${UNLOCALIZED_RESOURCES_FOLDER_PATH}/w3@2x.png",
				"${TARGET_BUILD_DIR}/${UNLOCALIZED_RESOURCES_FOLDER_PATH}/w3@3x.png",
				"${TARGET_BUILD_DIR}/${UNLOCALIZED_RESOURCES_FOLDER_PATH}/w4@2x.png",
				"${TARGET_BUILD_DIR}/${UNLOCALIZED_RESOURCES_FOLDER_PATH}/w4@3x.png",
				"${TARGET_BUILD_DIR}/${UNLOCALIZED_RESOURCES_FOLDER_PATH}/student_status_audio_invalid.png",
				"${TARGET_BUILD_DIR}/${UNLOCALIZED_RESOURCES_FOLDER_PATH}/student_status_audio_invalid@2x.png",
				"${TARGET_BUILD_DIR}/${UNLOCALIZED_RESOURCES_FOLDER_PATH}/student_status_audio_invalid@3x.png",
				"${TARGET_BUILD_DIR}/${UNLOCALIZED_RESOURCES_FOLDER_PATH}/student_status_audio_off.png",
				"${TARGET_BUILD_DIR}/${UNLOCALIZED_RESOURCES_FOLDER_PATH}/student_status_audio_off@2x.png",
				"${TARGET_BUILD_DIR}/${UNLOCALIZED_RESOURCES_FOLDER_PATH}/student_status_audio_off@3x.png",
				"${TARGET_BUILD_DIR}/${UNLOCALIZED_RESOURCES_FOLDER_PATH}/student_status_audio_on.png",
				"${TARGET_BUILD_DIR}/${UNLOCALIZED_RESOURCES_FOLDER_PATH}/student_status_audio_on@2x.png",
				"${TARGET_BUILD_DIR}/${UNLOCALIZED_RESOURCES_FOLDER_PATH}/student_status_audio_on@3x.png",
				"${TARGET_BUILD_DIR}/${UNLOCALIZED_RESOURCES_FOLDER_PATH}/xbk_camer_bg_sdforbid.png",
				"${TARGET_BUILD_DIR}/${UNLOCALIZED_RESOURCES_FOLDER_PATH}/xbk_camer_bg_sdforbid@2x.png",
				"${TARGET_BUILD_DIR}/${UNLOCALIZED_RESOURCES_FOLDER_PATH}/xbk_camer_bg_sdforbid@3x.png",
				"${TARGET_BUILD_DIR}/${UNLOCALIZED_RESOURCES_FOLDER_PATH}/xbk_camer_bg_thoff.png",
				"${TARGET_BUILD_DIR}/${UNLOCALIZED_RESOURCES_FOLDER_PATH}/xbk_camer_bg_thoff@2x.png",
				"${TARGET_BUILD_DIR}/${UNLOCALIZED_RESOURCES_FOLDER_PATH}/xbk_camer_bg_thoff@3x.png",
				"${TARGET_BUILD_DIR}/${UNLOCALIZED_RESOURCES_FOLDER_PATH}/xbk_classroome_wholebg.png",
				"${TARGET_BUILD_DIR}/${UNLOCALIZED_RESOURCES_FOLDER_PATH}/xbk_classroome_wholebg@2x.png",
				"${TARGET_BUILD_DIR}/${UNLOCALIZED_RESOURCES_FOLDER_PATH}/xbk_classroome_wholebg@3x.png",
				"${TARGET_BUILD_DIR}/${UNLOCALIZED_RESOURCES_FOLDER_PATH}/xbk_flag_teacher.png",
				"${TARGET_BUILD_DIR}/${UNLOCALIZED_RESOURCES_FOLDER_PATH}/xbk_flag_teacher@2x.png",
				"${TARGET_BUILD_DIR}/${UNLOCALIZED_RESOURCES_FOLDER_PATH}/xbk_flag_teacher@3x.png",
				"${TARGET_BUILD_DIR}/${UNLOCALIZED_RESOURCES_FOLDER_PATH}/xbk_icon_micro_on1.png",
				"${TARGET_BUILD_DIR}/${UNLOCALIZED_RESOURCES_FOLDER_PATH}/xbk_icon_micro_on1@2x.png",
				"${TARGET_BUILD_DIR}/${UNLOCALIZED_RESOURCES_FOLDER_PATH}/xbk_icon_micro_on1@3x.png",
				"${TARGET_BUILD_DIR}/${UNLOCALIZED_RESOURCES_FOLDER_PATH}/xbk_icon_micro_on2.png",
				"${TARGET_BUILD_DIR}/${UNLOCALIZED_RESOURCES_FOLDER_PATH}/xbk_icon_micro_on2@2x.png",
				"${TARGET_BUILD_DIR}/${UNLOCALIZED_RESOURCES_FOLDER_PATH}/xbk_icon_micro_on2@3x.png",
				"${TARGET_BUILD_DIR}/${UNLOCALIZED_RESOURCES_FOLDER_PATH}/xbk_icon_micro_on3.png",
				"${TARGET_BUILD_DIR}/${UNLOCALIZED_RESOURCES_FOLDER_PATH}/xbk_icon_micro_on3@2x.png",
				"${TARGET_BUILD_DIR}/${UNLOCALIZED_RESOURCES_FOLDER_PATH}/xbk_icon_micro_on3@3x.png",
				"${TARGET_BUILD_DIR}/${UNLOCALIZED_RESOURCES_FOLDER_PATH}/xbk_icon_micro_on4.png",
				"${TARGET_BUILD_DIR}/${UNLOCALIZED_RESOURCES_FOLDER_PATH}/xbk_icon_micro_on4@2x.png",
				"${TARGET_BUILD_DIR}/${UNLOCALIZED_RESOURCES_FOLDER_PATH}/xbk_icon_micro_on4@3x.png",
				"${TARGET_BUILD_DIR}/${UNLOCALIZED_RESOURCES_FOLDER_PATH}/xbk_icon_micro_on5.png",
				"${TARGET_BUILD_DIR}/${UNLOCALIZED_RESOURCES_FOLDER_PATH}/xbk_icon_micro_on5@2x.png",
				"${TARGET_BUILD_DIR}/${UNLOCALIZED_RESOURCES_FOLDER_PATH}/xbk_icon_micro_on5@3x.png",
				"${TARGET_BUILD_DIR}/${UNLOCALIZED_RESOURCES_FOLDER_PATH}/xbk_icon_micro_on6.png",
				"${TARGET_BUILD_DIR}/${UNLOCALIZED_RESOURCES_FOLDER_PATH}/xbk_icon_micro_on6@2x.png",
				"${TARGET_BUILD_DIR}/${UNLOCALIZED_RESOURCES_FOLDER_PATH}/xbk_icon_micro_on6@3x.png",
				"${TARGET_BUILD_DIR}/${UNLOCALIZED_RESOURCES_FOLDER_PATH}/xb_cr_stu_enter_room.gif",
				"${TARGET_BUILD_DIR}/${UNLOCALIZED_RESOURCES_FOLDER_PATH}/YMLiveFrameChildView.nib",
				"${TARGET_BUILD_DIR}/${UNLOCALIZED_RESOURCES_FOLDER_PATH}/YMRoomDeviceAlertView.nib",
				"${TARGET_BUILD_DIR}/${UNLOCALIZED_RESOURCES_FOLDER_PATH}/YMRoomDeviceAlertViewiPhone.nib",
				"${TARGET_BUILD_DIR}/${UNLOCALIZED_RESOURCES_FOLDER_PATH}/YMRoomDeviceTestCameraView.nib",
				"${TARGET_BUILD_DIR}/${UNLOCALIZED_RESOURCES_FOLDER_PATH}/YMRoomDeviceTestCameraViewiPhone.nib",
				"${TARGET_BUILD_DIR}/${UNLOCALIZED_RESOURCES_FOLDER_PATH}/YMRoomDeviceTestNetView.nib",
				"${TARGET_BUILD_DIR}/${UNLOCALIZED_RESOURCES_FOLDER_PATH}/YMRoomDeviceTestNetViewiPhone.nib",
				"${TARGET_BUILD_DIR}/${UNLOCALIZED_RESOURCES_FOLDER_PATH}/YMRoomDeviceTestView.nib",
				"${TARGET_BUILD_DIR}/${UNLOCALIZED_RESOURCES_FOLDER_PATH}/YMRoomDeviceTestViewiPhone.nib",
				"${TARGET_BUILD_DIR}/${UNLOCALIZED_RESOURCES_FOLDER_PATH}/ymt-answerCancle@2x.png",
				"${TARGET_BUILD_DIR}/${UNLOCALIZED_RESOURCES_FOLDER_PATH}/ymt-answerCancle@3x.png",
				"${TARGET_BUILD_DIR}/${UNLOCALIZED_RESOURCES_FOLDER_PATH}/ymt-answerCorrect@2x.png",
				"${TARGET_BUILD_DIR}/${UNLOCALIZED_RESOURCES_FOLDER_PATH}/ymt-answerCorrect@3x.png",
				"${TARGET_BUILD_DIR}/${UNLOCALIZED_RESOURCES_FOLDER_PATH}/ymt-answerStop@2x.png",
				"${TARGET_BUILD_DIR}/${UNLOCALIZED_RESOURCES_FOLDER_PATH}/ymt-answerStop@3x.png",
				"${TARGET_BUILD_DIR}/${UNLOCALIZED_RESOURCES_FOLDER_PATH}/ymt-answerTimeOut@2x.png",
				"${TARGET_BUILD_DIR}/${UNLOCALIZED_RESOURCES_FOLDER_PATH}/ymt-answerTimeOut@3x.png",
				"${TARGET_BUILD_DIR}/${UNLOCALIZED_RESOURCES_FOLDER_PATH}/ymt-answerWrong@2x.png",
				"${TARGET_BUILD_DIR}/${UNLOCALIZED_RESOURCES_FOLDER_PATH}/ymt-answerWrong@3x.png",
				"${TARGET_BUILD_DIR}/${UNLOCALIZED_RESOURCES_FOLDER_PATH}/ymt-bigclass-exit@2x.png",
				"${TARGET_BUILD_DIR}/${UNLOCALIZED_RESOURCES_FOLDER_PATH}/ymt-bigclass-exit@3x.png",
				"${TARGET_BUILD_DIR}/${UNLOCALIZED_RESOURCES_FOLDER_PATH}/ymt-bigclass-jiangbei@2x.png",
				"${TARGET_BUILD_DIR}/${UNLOCALIZED_RESOURCES_FOLDER_PATH}/ymt-bigclass-jiangbei@3x.png",
				"${TARGET_BUILD_DIR}/${UNLOCALIZED_RESOURCES_FOLDER_PATH}/ymt-bigclass-jifen@2x.png",
				"${TARGET_BUILD_DIR}/${UNLOCALIZED_RESOURCES_FOLDER_PATH}/ymt-bigclass-jifen@3x.png",
				"${TARGET_BUILD_DIR}/${UNLOCALIZED_RESOURCES_FOLDER_PATH}/ymt-countdown1@2x.png",
				"${TARGET_BUILD_DIR}/${UNLOCALIZED_RESOURCES_FOLDER_PATH}/ymt-countdown1@3x.png",
				"${TARGET_BUILD_DIR}/${UNLOCALIZED_RESOURCES_FOLDER_PATH}/ymt-countdown2@2x.png",
				"${TARGET_BUILD_DIR}/${UNLOCALIZED_RESOURCES_FOLDER_PATH}/ymt-countdown2@3x.png",
				"${TARGET_BUILD_DIR}/${UNLOCALIZED_RESOURCES_FOLDER_PATH}/ymt-countdown3@2x.png",
				"${TARGET_BUILD_DIR}/${UNLOCALIZED_RESOURCES_FOLDER_PATH}/ymt-countdown3@3x.png",
				"${TARGET_BUILD_DIR}/${UNLOCALIZED_RESOURCES_FOLDER_PATH}/ymt-disconnect@2x.png",
				"${TARGET_BUILD_DIR}/${UNLOCALIZED_RESOURCES_FOLDER_PATH}/ymt-disconnect@3x.png",
				"${TARGET_BUILD_DIR}/${UNLOCALIZED_RESOURCES_FOLDER_PATH}/ymt-djsbj@2x.png",
				"${TARGET_BUILD_DIR}/${UNLOCALIZED_RESOURCES_FOLDER_PATH}/ymt-djsbj@3x.png",
				"${TARGET_BUILD_DIR}/${UNLOCALIZED_RESOURCES_FOLDER_PATH}/ymt-endClassBackgound@2x.png",
				"${TARGET_BUILD_DIR}/${UNLOCALIZED_RESOURCES_FOLDER_PATH}/ymt-endClassBackgound@3x.png",
				"${TARGET_BUILD_DIR}/${UNLOCALIZED_RESOURCES_FOLDER_PATH}/ymt-hbw-select@2x.png",
				"${TARGET_BUILD_DIR}/${UNLOCALIZED_RESOURCES_FOLDER_PATH}/ymt-hbw-select@3x.png",
				"${TARGET_BUILD_DIR}/${UNLOCALIZED_RESOURCES_FOLDER_PATH}/ymt-hbw@2x.png",
				"${TARGET_BUILD_DIR}/${UNLOCALIZED_RESOURCES_FOLDER_PATH}/ymt-hbw@3x.png",
				"${TARGET_BUILD_DIR}/${UNLOCALIZED_RESOURCES_FOLDER_PATH}/ymt-kickOut@2x.png",
				"${TARGET_BUILD_DIR}/${UNLOCALIZED_RESOURCES_FOLDER_PATH}/ymt-kickOut@3x.png",
				"${TARGET_BUILD_DIR}/${UNLOCALIZED_RESOURCES_FOLDER_PATH}/ymt-leaveRoomHighlight@2x.png",
				"${TARGET_BUILD_DIR}/${UNLOCALIZED_RESOURCES_FOLDER_PATH}/ymt-leaveRoomHighlight@3x.png",
				"${TARGET_BUILD_DIR}/${UNLOCALIZED_RESOURCES_FOLDER_PATH}/ymt-leaveRoomNomal@2x.png",
				"${TARGET_BUILD_DIR}/${UNLOCALIZED_RESOURCES_FOLDER_PATH}/ymt-leaveRoomNomal@3x.png",
				"${TARGET_BUILD_DIR}/${UNLOCALIZED_RESOURCES_FOLDER_PATH}/ymt-ph-1@2x.png",
				"${TARGET_BUILD_DIR}/${UNLOCALIZED_RESOURCES_FOLDER_PATH}/ymt-ph-1@3x.png",
				"${TARGET_BUILD_DIR}/${UNLOCALIZED_RESOURCES_FOLDER_PATH}/ymt-ph-2@2x.png",
				"${TARGET_BUILD_DIR}/${UNLOCALIZED_RESOURCES_FOLDER_PATH}/ymt-ph-2@3x.png",
				"${TARGET_BUILD_DIR}/${UNLOCALIZED_RESOURCES_FOLDER_PATH}/ymt-ph-3@2x.png",
				"${TARGET_BUILD_DIR}/${UNLOCALIZED_RESOURCES_FOLDER_PATH}/ymt-ph-3@3x.png",
				"${TARGET_BUILD_DIR}/${UNLOCALIZED_RESOURCES_FOLDER_PATH}/ymt-ph-4@2x.png",
				"${TARGET_BUILD_DIR}/${UNLOCALIZED_RESOURCES_FOLDER_PATH}/ymt-ph-4@3x.png",
				"${TARGET_BUILD_DIR}/${UNLOCALIZED_RESOURCES_FOLDER_PATH}/ymt-ph-5@2x.png",
				"${TARGET_BUILD_DIR}/${UNLOCALIZED_RESOURCES_FOLDER_PATH}/ymt-ph-5@3x.png",
				"${TARGET_BUILD_DIR}/${UNLOCALIZED_RESOURCES_FOLDER_PATH}/ymt-phb-1@2x.png",
				"${TARGET_BUILD_DIR}/${UNLOCALIZED_RESOURCES_FOLDER_PATH}/ymt-phb-1@3x.png",
				"${TARGET_BUILD_DIR}/${UNLOCALIZED_RESOURCES_FOLDER_PATH}/ymt-phb-cellbg@2x.png",
				"${TARGET_BUILD_DIR}/${UNLOCALIZED_RESOURCES_FOLDER_PATH}/ymt-phb-cellbg@3x.png",
				"${TARGET_BUILD_DIR}/${UNLOCALIZED_RESOURCES_FOLDER_PATH}/ymt-phb-close@2x.png",
				"${TARGET_BUILD_DIR}/${UNLOCALIZED_RESOURCES_FOLDER_PATH}/ymt-phb-close@3x.png",
				"${TARGET_BUILD_DIR}/${UNLOCALIZED_RESOURCES_FOLDER_PATH}/ymt-startClass@2x.png",
				"${TARGET_BUILD_DIR}/${UNLOCALIZED_RESOURCES_FOLDER_PATH}/ymt-startClass@3x.png",
				"${TARGET_BUILD_DIR}/${UNLOCALIZED_RESOURCES_FOLDER_PATH}/ymt-teacherLeave@2x.png",
				"${TARGET_BUILD_DIR}/${UNLOCALIZED_RESOURCES_FOLDER_PATH}/ymt-teacherLeave@3x.png",
				"${TARGET_BUILD_DIR}/${UNLOCALIZED_RESOURCES_FOLDER_PATH}/ymt-watingClass@2x.png",
				"${TARGET_BUILD_DIR}/${UNLOCALIZED_RESOURCES_FOLDER_PATH}/ymt-watingClass@3x.png",
				"${TARGET_BUILD_DIR}/${UNLOCALIZED_RESOURCES_FOLDER_PATH}/YMTAnswerView.nib",
				"${TARGET_BUILD_DIR}/${UNLOCALIZED_RESOURCES_FOLDER_PATH}/YMTDeviceSettingView.nib",
				"${TARGET_BUILD_DIR}/${UNLOCALIZED_RESOURCES_FOLDER_PATH}/YMTLiveChildView.nib",
				"${TARGET_BUILD_DIR}/${UNLOCALIZED_RESOURCES_FOLDER_PATH}/YMTSoundEffectsCoin.wav",
				"${TARGET_BUILD_DIR}/${UNLOCALIZED_RESOURCES_FOLDER_PATH}/YMTSoundEffectsCup.wav",
				"${TARGET_BUILD_DIR}/${UNLOCALIZED_RESOURCES_FOLDER_PATH}/YMTTimeMeterView.nib",
				"${TARGET_BUILD_DIR}/${UNLOCALIZED_RESOURCES_FOLDER_PATH}/ymt_room_status_class_end@2x.png",
				"${TARGET_BUILD_DIR}/${UNLOCALIZED_RESOURCES_FOLDER_PATH}/ymt_room_status_class_end@3x.png",
				"${TARGET_BUILD_DIR}/${UNLOCALIZED_RESOURCES_FOLDER_PATH}/ymt_room_status_in_class@2x.png",
				"${TARGET_BUILD_DIR}/${UNLOCALIZED_RESOURCES_FOLDER_PATH}/ymt_room_status_in_class@3x.png",
				"${TARGET_BUILD_DIR}/${UNLOCALIZED_RESOURCES_FOLDER_PATH}/ymt_room_status_tea_leave@2x.png",
				"${TARGET_BUILD_DIR}/${UNLOCALIZED_RESOURCES_FOLDER_PATH}/ymt_room_status_tea_leave@3x.png",
				"${TARGET_BUILD_DIR}/${UNLOCALIZED_RESOURCES_FOLDER_PATH}/ymt_room_status_wait_class@2x.png",
				"${TARGET_BUILD_DIR}/${UNLOCALIZED_RESOURCES_FOLDER_PATH}/ymt_room_status_wait_class@3x.png",
				"${TARGET_BUILD_DIR}/${UNLOCALIZED_RESOURCES_FOLDER_PATH}/YMLive.bundle",
				"${TARGET_BUILD_DIR}/${UNLOCALIZED_RESOURCES_FOLDER_PATH}/ZFPlayer.bundle",
			);
			runOnlyForDeploymentPostprocessing = 0;
			shellPath = /bin/sh;
			shellScript = "\"${PODS_ROOT}/Target Support Files/Pods-YMTBigClassRoom_Example/Pods-YMTBigClassRoom_Example-resources.sh\"\n";
			showEnvVarsInLog = 0;
		};
		BB870A3E5477297CDF95F562 /* [CP] Check Pods Manifest.lock */ = {
			isa = PBXShellScriptBuildPhase;
			buildActionMask = 2147483647;
			files = (
			);
			inputFileListPaths = (
			);
			inputPaths = (
				"${PODS_PODFILE_DIR_PATH}/Podfile.lock",
				"${PODS_ROOT}/Manifest.lock",
			);
			name = "[CP] Check Pods Manifest.lock";
			outputFileListPaths = (
			);
			outputPaths = (
				"$(DERIVED_FILE_DIR)/Pods-YMTBigClassRoom_Tests-checkManifestLockResult.txt",
			);
			runOnlyForDeploymentPostprocessing = 0;
			shellPath = /bin/sh;
			shellScript = "diff \"${PODS_PODFILE_DIR_PATH}/Podfile.lock\" \"${PODS_ROOT}/Manifest.lock\" > /dev/null\nif [ $? != 0 ] ; then\n    # print error to STDERR\n    echo \"error: The sandbox is not in sync with the Podfile.lock. Run 'pod install' or update your CocoaPods installation.\" >&2\n    exit 1\nfi\n# This output is used by Xcode 'outputs' to avoid re-running this script phase.\necho \"SUCCESS\" > \"${SCRIPT_OUTPUT_FILE_0}\"\n";
			showEnvVarsInLog = 0;
		};
		DAFE993B85B0484BBB47A046 /* [CP] Embed Pods Frameworks */ = {
			isa = PBXShellScriptBuildPhase;
			buildActionMask = 2147483647;
			files = (
			);
			inputPaths = (
				"${PODS_ROOT}/Target Support Files/Pods-YMTBigClassRoom_Example/Pods-YMTBigClassRoom_Example-frameworks.sh",
				"${PODS_ROOT}/LookinServer/LookinServer.framework",
				"${PODS_ROOT}/WoodPeckeriOS/WoodPeckeriOS.framework",
			);
			name = "[CP] Embed Pods Frameworks";
			outputPaths = (
				"${TARGET_BUILD_DIR}/${FRAMEWORKS_FOLDER_PATH}/LookinServer.framework",
				"${TARGET_BUILD_DIR}/${FRAMEWORKS_FOLDER_PATH}/WoodPeckeriOS.framework",
			);
			runOnlyForDeploymentPostprocessing = 0;
			shellPath = /bin/sh;
			shellScript = "\"${PODS_ROOT}/Target Support Files/Pods-YMTBigClassRoom_Example/Pods-YMTBigClassRoom_Example-frameworks.sh\"\n";
			showEnvVarsInLog = 0;
		};
/* End PBXShellScriptBuildPhase section */

/* Begin PBXSourcesBuildPhase section */
		6003F586195388D20070C39A /* Sources */ = {
			isa = PBXSourcesBuildPhase;
			buildActionMask = 2147483647;
			files = (
				6003F59E195388D20070C39A /* YMTAppDelegate.m in Sources */,
				16C2E9972329F064000F9240 /* NSData+YMTDataAES.m in Sources */,
				16589C172313EB2100E4E1D6 /* YMTEntryRoomViewController.m in Sources */,
				16589C162313EB2100E4E1D6 /* YMTLoginViewController.m in Sources */,
				6003F5A7195388D20070C39A /* YMTViewController.m in Sources */,
				6003F59A195388D20070C39A /* main.m in Sources */,
			);
			runOnlyForDeploymentPostprocessing = 0;
		};
		6003F5AA195388D20070C39A /* Sources */ = {
			isa = PBXSourcesBuildPhase;
			buildActionMask = 2147483647;
			files = (
				6003F5BC195388D20070C39A /* Tests.m in Sources */,
			);
			runOnlyForDeploymentPostprocessing = 0;
		};
/* End PBXSourcesBuildPhase section */

/* Begin PBXTargetDependency section */
		6003F5B4195388D20070C39A /* PBXTargetDependency */ = {
			isa = PBXTargetDependency;
			target = 6003F589195388D20070C39A /* YMTBigClassRoom_Example */;
			targetProxy = 6003F5B3195388D20070C39A /* PBXContainerItemProxy */;
		};
/* End PBXTargetDependency section */

/* Begin PBXVariantGroup section */
		6003F596195388D20070C39A /* InfoPlist.strings */ = {
			isa = PBXVariantGroup;
			children = (
				6003F597195388D20070C39A /* en */,
			);
			name = InfoPlist.strings;
			sourceTree = "<group>";
		};
		6003F5B8195388D20070C39A /* InfoPlist.strings */ = {
			isa = PBXVariantGroup;
			children = (
				6003F5B9195388D20070C39A /* en */,
			);
			name = InfoPlist.strings;
			sourceTree = "<group>";
		};
		71719F9D1E33DC2100824A3D /* LaunchScreen.storyboard */ = {
			isa = PBXVariantGroup;
			children = (
				71719F9E1E33DC2100824A3D /* Base */,
			);
			name = LaunchScreen.storyboard;
			sourceTree = "<group>";
		};
/* End PBXVariantGroup section */

/* Begin XCBuildConfiguration section */
		6003F5BD195388D20070C39A /* Debug */ = {
			isa = XCBuildConfiguration;
			buildSettings = {
				ALWAYS_SEARCH_USER_PATHS = NO;
				CLANG_CXX_LANGUAGE_STANDARD = "gnu++0x";
				CLANG_CXX_LIBRARY = "libc++";
				CLANG_ENABLE_MODULES = YES;
				CLANG_ENABLE_OBJC_ARC = YES;
				CLANG_WARN_BOOL_CONVERSION = YES;
				CLANG_WARN_CONSTANT_CONVERSION = YES;
				CLANG_WARN_DIRECT_OBJC_ISA_USAGE = YES_ERROR;
				CLANG_WARN_EMPTY_BODY = YES;
				CLANG_WARN_ENUM_CONVERSION = YES;
				CLANG_WARN_INT_CONVERSION = YES;
				CLANG_WARN_OBJC_ROOT_CLASS = YES_ERROR;
				CLANG_WARN__DUPLICATE_METHOD_MATCH = YES;
				"CODE_SIGN_IDENTITY[sdk=iphoneos*]" = "iPhone Developer";
				COPY_PHASE_STRIP = NO;
				ENABLE_TESTABILITY = YES;
				GCC_C_LANGUAGE_STANDARD = gnu99;
				GCC_DYNAMIC_NO_PIC = NO;
				GCC_OPTIMIZATION_LEVEL = 0;
				GCC_PREPROCESSOR_DEFINITIONS = (
					"DEBUG=1",
					"$(inherited)",
				);
				GCC_SYMBOLS_PRIVATE_EXTERN = NO;
				GCC_WARN_64_TO_32_BIT_CONVERSION = YES;
				GCC_WARN_ABOUT_RETURN_TYPE = YES_ERROR;
				GCC_WARN_UNDECLARED_SELECTOR = YES;
				GCC_WARN_UNINITIALIZED_AUTOS = YES_AGGRESSIVE;
				GCC_WARN_UNUSED_FUNCTION = YES;
				GCC_WARN_UNUSED_VARIABLE = YES;
				IPHONEOS_DEPLOYMENT_TARGET = 9.3;
				ONLY_ACTIVE_ARCH = YES;
				SDKROOT = iphoneos;
				TARGETED_DEVICE_FAMILY = "1,2";
			};
			name = Debug;
		};
		6003F5BE195388D20070C39A /* Release */ = {
			isa = XCBuildConfiguration;
			buildSettings = {
				ALWAYS_SEARCH_USER_PATHS = NO;
				CLANG_CXX_LANGUAGE_STANDARD = "gnu++0x";
				CLANG_CXX_LIBRARY = "libc++";
				CLANG_ENABLE_MODULES = YES;
				CLANG_ENABLE_OBJC_ARC = YES;
				CLANG_WARN_BOOL_CONVERSION = YES;
				CLANG_WARN_CONSTANT_CONVERSION = YES;
				CLANG_WARN_DIRECT_OBJC_ISA_USAGE = YES_ERROR;
				CLANG_WARN_EMPTY_BODY = YES;
				CLANG_WARN_ENUM_CONVERSION = YES;
				CLANG_WARN_INT_CONVERSION = YES;
				CLANG_WARN_OBJC_ROOT_CLASS = YES_ERROR;
				CLANG_WARN__DUPLICATE_METHOD_MATCH = YES;
				"CODE_SIGN_IDENTITY[sdk=iphoneos*]" = "iPhone Developer";
				COPY_PHASE_STRIP = YES;
				ENABLE_NS_ASSERTIONS = NO;
				GCC_C_LANGUAGE_STANDARD = gnu99;
				GCC_WARN_64_TO_32_BIT_CONVERSION = YES;
				GCC_WARN_ABOUT_RETURN_TYPE = YES_ERROR;
				GCC_WARN_UNDECLARED_SELECTOR = YES;
				GCC_WARN_UNINITIALIZED_AUTOS = YES_AGGRESSIVE;
				GCC_WARN_UNUSED_FUNCTION = YES;
				GCC_WARN_UNUSED_VARIABLE = YES;
				IPHONEOS_DEPLOYMENT_TARGET = 9.3;
				SDKROOT = iphoneos;
				TARGETED_DEVICE_FAMILY = "1,2";
				VALIDATE_PRODUCT = YES;
			};
			name = Release;
		};
		6003F5C0195388D20070C39A /* Debug */ = {
			isa = XCBuildConfiguration;
			baseConfigurationReference = D34AAE5CB08CBA61878D6BE6 /* Pods-YMTBigClassRoom_Example.debug.xcconfig */;
			buildSettings = {
				ASSETCATALOG_COMPILER_APPICON_NAME = AppIcon;
				DEVELOPMENT_TEAM = 9TKC77RUYU;
				ENABLE_BITCODE = NO;
				FRAMEWORK_SEARCH_PATHS = (
					"$(inherited)",
					"$(PROJECT_DIR)/YMTBigClassRoom/YMLiveSDK/SDKs",
				);
				GCC_PRECOMPILE_PREFIX_HEADER = YES;
				GCC_PREFIX_HEADER = "";
				INFOPLIST_FILE = "YMTBigClassRoom/YMTBigClassRoom-Info.plist";
				MODULE_NAME = ExampleApp;
				PRODUCT_BUNDLE_IDENTIFIER = com.1mifudao.student;
				PRODUCT_NAME = "$(TARGET_NAME)";
				SWIFT_VERSION = 4.0;
				WRAPPER_EXTENSION = app;
			};
			name = Debug;
		};
		6003F5C1195388D20070C39A /* Release */ = {
			isa = XCBuildConfiguration;
			baseConfigurationReference = 2A36FBDB0538E4EBBEB571BE /* Pods-YMTBigClassRoom_Example.release.xcconfig */;
			buildSettings = {
				ASSETCATALOG_COMPILER_APPICON_NAME = AppIcon;
				DEVELOPMENT_TEAM = 9TKC77RUYU;
				ENABLE_BITCODE = NO;
				FRAMEWORK_SEARCH_PATHS = (
					"$(inherited)",
					"$(PROJECT_DIR)/YMTBigClassRoom/YMLiveSDK/SDKs",
				);
				GCC_PRECOMPILE_PREFIX_HEADER = YES;
				GCC_PREFIX_HEADER = "";
				INFOPLIST_FILE = "YMTBigClassRoom/YMTBigClassRoom-Info.plist";
				MODULE_NAME = ExampleApp;
				PRODUCT_BUNDLE_IDENTIFIER = com.1mifudao.student;
				PRODUCT_NAME = "$(TARGET_NAME)";
				SWIFT_VERSION = 4.0;
				WRAPPER_EXTENSION = app;
			};
			name = Release;
		};
		6003F5C3195388D20070C39A /* Debug */ = {
			isa = XCBuildConfiguration;
			baseConfigurationReference = A7FB6071331E8C3CAC833D57 /* Pods-YMTBigClassRoom_Tests.debug.xcconfig */;
			buildSettings = {
				BUNDLE_LOADER = "$(TEST_HOST)";
				FRAMEWORK_SEARCH_PATHS = (
					"$(PLATFORM_DIR)/Developer/Library/Frameworks",
					"$(inherited)",
					"$(DEVELOPER_FRAMEWORKS_DIR)",
				);
				GCC_PRECOMPILE_PREFIX_HEADER = YES;
				GCC_PREFIX_HEADER = "Tests/Tests-Prefix.pch";
				GCC_PREPROCESSOR_DEFINITIONS = (
					"DEBUG=1",
					"$(inherited)",
				);
				INFOPLIST_FILE = "Tests/Tests-Info.plist";
				PRODUCT_BUNDLE_IDENTIFIER = "org.cocoapods.demo.${PRODUCT_NAME:rfc1034identifier}";
				PRODUCT_NAME = "$(TARGET_NAME)";
				SWIFT_VERSION = 4.0;
				TEST_HOST = "$(BUILT_PRODUCTS_DIR)/YMTBigClassRoom_Example.app/YMTBigClassRoom_Example";
				WRAPPER_EXTENSION = xctest;
			};
			name = Debug;
		};
		6003F5C4195388D20070C39A /* Release */ = {
			isa = XCBuildConfiguration;
			baseConfigurationReference = F9BB14663BE2E4F4D8EF188C /* Pods-YMTBigClassRoom_Tests.release.xcconfig */;
			buildSettings = {
				BUNDLE_LOADER = "$(TEST_HOST)";
				FRAMEWORK_SEARCH_PATHS = (
					"$(PLATFORM_DIR)/Developer/Library/Frameworks",
					"$(inherited)",
					"$(DEVELOPER_FRAMEWORKS_DIR)",
				);
				GCC_PRECOMPILE_PREFIX_HEADER = YES;
				GCC_PREFIX_HEADER = "Tests/Tests-Prefix.pch";
				INFOPLIST_FILE = "Tests/Tests-Info.plist";
				PRODUCT_BUNDLE_IDENTIFIER = "org.cocoapods.demo.${PRODUCT_NAME:rfc1034identifier}";
				PRODUCT_NAME = "$(TARGET_NAME)";
				SWIFT_VERSION = 4.0;
				TEST_HOST = "$(BUILT_PRODUCTS_DIR)/YMTBigClassRoom_Example.app/YMTBigClassRoom_Example";
				WRAPPER_EXTENSION = xctest;
			};
			name = Release;
		};
/* End XCBuildConfiguration section */

/* Begin XCConfigurationList section */
		6003F585195388D10070C39A /* Build configuration list for PBXProject "YMTBigClassRoom" */ = {
			isa = XCConfigurationList;
			buildConfigurations = (
				6003F5BD195388D20070C39A /* Debug */,
				6003F5BE195388D20070C39A /* Release */,
			);
			defaultConfigurationIsVisible = 0;
			defaultConfigurationName = Release;
		};
		6003F5BF195388D20070C39A /* Build configuration list for PBXNativeTarget "YMTBigClassRoom_Example" */ = {
			isa = XCConfigurationList;
			buildConfigurations = (
				6003F5C0195388D20070C39A /* Debug */,
				6003F5C1195388D20070C39A /* Release */,
			);
			defaultConfigurationIsVisible = 0;
			defaultConfigurationName = Release;
		};
		6003F5C2195388D20070C39A /* Build configuration list for PBXNativeTarget "YMTBigClassRoom_Tests" */ = {
			isa = XCConfigurationList;
			buildConfigurations = (
				6003F5C3195388D20070C39A /* Debug */,
				6003F5C4195388D20070C39A /* Release */,
			);
			defaultConfigurationIsVisible = 0;
			defaultConfigurationName = Release;
		};
/* End XCConfigurationList section */
	};
	rootObject = 6003F582195388D10070C39A /* Project object */;
}
